// !$*UTF8*$!
{
	archiveVersion = 1;
	classes = {
	};
	objectVersion = 46;
	objects = {

/* Begin PBXBuildFile section */
		1A04DDA31B2390E5001D9480 /* NewsMapTableViewCell.m in Sources */ = {isa = PBXBuildFile; fileRef = 1A04DDA21B2390E5001D9480 /* NewsMapTableViewCell.m */; };
		1A059D901B1FC54F00FF4F64 /* ArticleOverlayView.m in Sources */ = {isa = PBXBuildFile; fileRef = 1A059D8F1B1FC54F00FF4F64 /* ArticleOverlayView.m */; };
		1A0E1DA11B3394A2002F3DF9 /* UIView+AddBorders.m in Sources */ = {isa = PBXBuildFile; fileRef = 1A0E1DA01B3394A2002F3DF9 /* UIView+AddBorders.m */; };
		1A0F7A771B7D7E27001DBD89 /* ArticleOverlayView.xib in Resources */ = {isa = PBXBuildFile; fileRef = 1A0F7A761B7D7E27001DBD89 /* ArticleOverlayView.xib */; };
		1A12DDD31B80333E0033046F /* Fabric.framework in Frameworks */ = {isa = PBXBuildFile; fileRef = 1A12DDD11B80333E0033046F /* Fabric.framework */; };
		1A12DDD41B80333E0033046F /* Crashlytics.framework in Frameworks */ = {isa = PBXBuildFile; fileRef = 1A12DDD21B80333E0033046F /* Crashlytics.framework */; };
		1A2CEBDC1A8AC725004DE623 /* NewsMapTabBarController.m in Sources */ = {isa = PBXBuildFile; fileRef = 1A2CEBDB1A8AC725004DE623 /* NewsMapTabBarController.m */; };
		1A2E6A581A49F5BD0033AC87 /* Article.m in Sources */ = {isa = PBXBuildFile; fileRef = 1A2E6A571A49F5BD0033AC87 /* Article.m */; };
		1A2E6A5B1A49F6160033AC87 /* Fetcher.m in Sources */ = {isa = PBXBuildFile; fileRef = 1A2E6A5A1A49F6160033AC87 /* Fetcher.m */; };
		1A2E6A5F1A49F6D70033AC87 /* UrbanTurfFetcher.m in Sources */ = {isa = PBXBuildFile; fileRef = 1A2E6A5E1A49F6D70033AC87 /* UrbanTurfFetcher.m */; };
		1A2E6A691A4E26540033AC87 /* ArticleViewController.m in Sources */ = {isa = PBXBuildFile; fileRef = 1A2E6A681A4E26540033AC87 /* ArticleViewController.m */; };
		1A3A0B451A79CA1E00E2F6BF /* fontello.ttf in Resources */ = {isa = PBXBuildFile; fileRef = 1A3A0B441A79CA1E00E2F6BF /* fontello.ttf */; };
		1A6F1EB91A507971007D3B99 /* Stylesheet.m in Sources */ = {isa = PBXBuildFile; fileRef = 1A6F1EB81A507971007D3B99 /* Stylesheet.m */; };
		1A6F40C01B86E49700028759 /* ArticleContainer.m in Sources */ = {isa = PBXBuildFile; fileRef = 1A6F40BF1B86E49700028759 /* ArticleContainer.m */; };
		1A7208DF1AC0D13F0054CA38 /* HomeScreenLocationSelection.m in Sources */ = {isa = PBXBuildFile; fileRef = 1A7208DE1AC0D13F0054CA38 /* HomeScreenLocationSelection.m */; };
		1A7DB1DD1ABDFB81003DB53F /* Constants.m in Sources */ = {isa = PBXBuildFile; fileRef = 1A7DB1DC1ABDFB81003DB53F /* Constants.m */; };
		1A96E19A1B7E59C5002DAFF1 /* ArticleWebViewVC.m in Sources */ = {isa = PBXBuildFile; fileRef = 1A96E1991B7E59C5002DAFF1 /* ArticleWebViewVC.m */; };
		1A9E486D1B83002100CC7A8A /* SearchFilters.m in Sources */ = {isa = PBXBuildFile; fileRef = 1A9E486C1B83002100CC7A8A /* SearchFilters.m */; };
		1AA0E3961AB0C5AE00E61F21 /* SaveFavoriteLocation.m in Sources */ = {isa = PBXBuildFile; fileRef = 1AA0E3951AB0C5AE00E61F21 /* SaveFavoriteLocation.m */; };
		1AA297091B9414140019FBCE /* MarkerImageHolder.m in Sources */ = {isa = PBXBuildFile; fileRef = 1AA297081B9414140019FBCE /* MarkerImageHolder.m */; };
		1AB1A5611A48E3D900369211 /* main.m in Sources */ = {isa = PBXBuildFile; fileRef = 1AB1A5601A48E3D900369211 /* main.m */; };
		1AB1A5641A48E3D900369211 /* AppDelegate.m in Sources */ = {isa = PBXBuildFile; fileRef = 1AB1A5631A48E3D900369211 /* AppDelegate.m */; };
		1AB1A56D1A48E3D900369211 /* Main.storyboard in Resources */ = {isa = PBXBuildFile; fileRef = 1AB1A56B1A48E3D900369211 /* Main.storyboard */; };
		1AB1A56F1A48E3D900369211 /* Images.xcassets in Resources */ = {isa = PBXBuildFile; fileRef = 1AB1A56E1A48E3D900369211 /* Images.xcassets */; };
		1AB1A5721A48E3D900369211 /* LaunchScreen.xib in Resources */ = {isa = PBXBuildFile; fileRef = 1AB1A5701A48E3D900369211 /* LaunchScreen.xib */; };
		1AB1A57E1A48E3D900369211 /* UrbanTurfTests.m in Sources */ = {isa = PBXBuildFile; fileRef = 1AB1A57D1A48E3D900369211 /* UrbanTurfTests.m */; };
		1AB7BEFF1ACDC97C003BCCC0 /* RadiusSliderCell.m in Sources */ = {isa = PBXBuildFile; fileRef = 1AB7BEFD1ACDC97C003BCCC0 /* RadiusSliderCell.m */; };
		1AB7BF001ACDC97C003BCCC0 /* RadiusSliderCell.xib in Resources */ = {isa = PBXBuildFile; fileRef = 1AB7BEFE1ACDC97C003BCCC0 /* RadiusSliderCell.xib */; };
		1AB7BF041ACDD0B1003BCCC0 /* RadiusLabelCell.m in Sources */ = {isa = PBXBuildFile; fileRef = 1AB7BF021ACDD0B1003BCCC0 /* RadiusLabelCell.m */; };
		1AB7BF051ACDD0B1003BCCC0 /* RadiusLabelCell.xib in Resources */ = {isa = PBXBuildFile; fileRef = 1AB7BF031ACDD0B1003BCCC0 /* RadiusLabelCell.xib */; };
		1AB7BF091ACDFB6E003BCCC0 /* SearchOptions.m in Sources */ = {isa = PBXBuildFile; fileRef = 1AB7BF081ACDFB6E003BCCC0 /* SearchOptions.m */; };
		1AC8126C1ABF3A1F00ABD302 /* DisplayOrder.m in Sources */ = {isa = PBXBuildFile; fileRef = 1AC8126B1ABF3A1F00ABD302 /* DisplayOrder.m */; };
		1AC8126F1ABF904500ABD302 /* Options.m in Sources */ = {isa = PBXBuildFile; fileRef = 1AC8126E1ABF904500ABD302 /* Options.m */; };
		1AC812721ABFDAB000ABD302 /* RadiusOld.m in Sources */ = {isa = PBXBuildFile; fileRef = 1AC812711ABFDAB000ABD302 /* RadiusOld.m */; };
		1AD33F4F1AB551F500DE1DE2 /* GoogleMaps.framework in Frameworks */ = {isa = PBXBuildFile; fileRef = 1AD33F4E1AB551F500DE1DE2 /* GoogleMaps.framework */; };
		1AD33F511AB5526E00DE1DE2 /* GoogleMaps.bundle in Resources */ = {isa = PBXBuildFile; fileRef = 1AD33F501AB5526E00DE1DE2 /* GoogleMaps.bundle */; };
		1AD33F5E1AB5530000DE1DE2 /* AVFoundation.framework in Frameworks */ = {isa = PBXBuildFile; fileRef = 1AD33F521AB552FF00DE1DE2 /* AVFoundation.framework */; };
		1AD33F5F1AB5530000DE1DE2 /* CoreData.framework in Frameworks */ = {isa = PBXBuildFile; fileRef = 1AD33F531AB552FF00DE1DE2 /* CoreData.framework */; };
		1AD33F601AB5530000DE1DE2 /* CoreLocation.framework in Frameworks */ = {isa = PBXBuildFile; fileRef = 1AD33F541AB552FF00DE1DE2 /* CoreLocation.framework */; };
		1AD33F611AB5530000DE1DE2 /* CoreText.framework in Frameworks */ = {isa = PBXBuildFile; fileRef = 1AD33F551AB552FF00DE1DE2 /* CoreText.framework */; };
		1AD33F621AB5530000DE1DE2 /* GLKit.framework in Frameworks */ = {isa = PBXBuildFile; fileRef = 1AD33F561AB5530000DE1DE2 /* GLKit.framework */; };
		1AD33F631AB5530000DE1DE2 /* ImageIO.framework in Frameworks */ = {isa = PBXBuildFile; fileRef = 1AD33F571AB5530000DE1DE2 /* ImageIO.framework */; };
		1AD33F641AB5530000DE1DE2 /* libc++.dylib in Frameworks */ = {isa = PBXBuildFile; fileRef = 1AD33F581AB5530000DE1DE2 /* libc++.dylib */; };
		1AD33F651AB5530000DE1DE2 /* libicucore.dylib in Frameworks */ = {isa = PBXBuildFile; fileRef = 1AD33F591AB5530000DE1DE2 /* libicucore.dylib */; };
		1AD33F661AB5530000DE1DE2 /* libz.dylib in Frameworks */ = {isa = PBXBuildFile; fileRef = 1AD33F5A1AB5530000DE1DE2 /* libz.dylib */; };
		1AD33F671AB5530000DE1DE2 /* OpenGLES.framework in Frameworks */ = {isa = PBXBuildFile; fileRef = 1AD33F5B1AB5530000DE1DE2 /* OpenGLES.framework */; };
		1AD33F681AB5530000DE1DE2 /* QuartzCore.framework in Frameworks */ = {isa = PBXBuildFile; fileRef = 1AD33F5C1AB5530000DE1DE2 /* QuartzCore.framework */; };
		1AD33F691AB5530000DE1DE2 /* SystemConfiguration.framework in Frameworks */ = {isa = PBXBuildFile; fileRef = 1AD33F5D1AB5530000DE1DE2 /* SystemConfiguration.framework */; };
		1AECA15D1AF059E500EAE054 /* AFHTTPRequestOperation.m in Sources */ = {isa = PBXBuildFile; fileRef = 1AECA1391AF059E500EAE054 /* AFHTTPRequestOperation.m */; };
		1AECA15E1AF059E500EAE054 /* AFHTTPRequestOperationManager.m in Sources */ = {isa = PBXBuildFile; fileRef = 1AECA13B1AF059E500EAE054 /* AFHTTPRequestOperationManager.m */; };
		1AECA15F1AF059E500EAE054 /* AFHTTPSessionManager.m in Sources */ = {isa = PBXBuildFile; fileRef = 1AECA13D1AF059E500EAE054 /* AFHTTPSessionManager.m */; };
		1AECA1601AF059E500EAE054 /* AFNetworkReachabilityManager.m in Sources */ = {isa = PBXBuildFile; fileRef = 1AECA1401AF059E500EAE054 /* AFNetworkReachabilityManager.m */; };
		1AECA1611AF059E500EAE054 /* AFSecurityPolicy.m in Sources */ = {isa = PBXBuildFile; fileRef = 1AECA1421AF059E500EAE054 /* AFSecurityPolicy.m */; };
		1AECA1621AF059E500EAE054 /* AFURLConnectionOperation.m in Sources */ = {isa = PBXBuildFile; fileRef = 1AECA1441AF059E500EAE054 /* AFURLConnectionOperation.m */; };
		1AECA1631AF059E500EAE054 /* AFURLRequestSerialization.m in Sources */ = {isa = PBXBuildFile; fileRef = 1AECA1461AF059E500EAE054 /* AFURLRequestSerialization.m */; };
		1AECA1641AF059E500EAE054 /* AFURLResponseSerialization.m in Sources */ = {isa = PBXBuildFile; fileRef = 1AECA1481AF059E500EAE054 /* AFURLResponseSerialization.m */; };
		1AECA1651AF059E500EAE054 /* AFURLSessionManager.m in Sources */ = {isa = PBXBuildFile; fileRef = 1AECA14A1AF059E500EAE054 /* AFURLSessionManager.m */; };
		1AECA1661AF059E500EAE054 /* AFNetworkActivityIndicatorManager.m in Sources */ = {isa = PBXBuildFile; fileRef = 1AECA14D1AF059E500EAE054 /* AFNetworkActivityIndicatorManager.m */; };
		1AECA1671AF059E500EAE054 /* UIActivityIndicatorView+AFNetworking.m in Sources */ = {isa = PBXBuildFile; fileRef = 1AECA14F1AF059E500EAE054 /* UIActivityIndicatorView+AFNetworking.m */; };
		1AECA1681AF059E500EAE054 /* UIAlertView+AFNetworking.m in Sources */ = {isa = PBXBuildFile; fileRef = 1AECA1511AF059E500EAE054 /* UIAlertView+AFNetworking.m */; };
		1AECA1691AF059E500EAE054 /* UIButton+AFNetworking.m in Sources */ = {isa = PBXBuildFile; fileRef = 1AECA1531AF059E500EAE054 /* UIButton+AFNetworking.m */; };
		1AECA16A1AF059E500EAE054 /* UIImageView+AFNetworking.m in Sources */ = {isa = PBXBuildFile; fileRef = 1AECA1551AF059E500EAE054 /* UIImageView+AFNetworking.m */; };
		1AECA16B1AF059E500EAE054 /* UIProgressView+AFNetworking.m in Sources */ = {isa = PBXBuildFile; fileRef = 1AECA1581AF059E500EAE054 /* UIProgressView+AFNetworking.m */; };
		1AECA16C1AF059E500EAE054 /* UIRefreshControl+AFNetworking.m in Sources */ = {isa = PBXBuildFile; fileRef = 1AECA15A1AF059E500EAE054 /* UIRefreshControl+AFNetworking.m */; };
		1AECA16D1AF059E500EAE054 /* UIWebView+AFNetworking.m in Sources */ = {isa = PBXBuildFile; fileRef = 1AECA15C1AF059E500EAE054 /* UIWebView+AFNetworking.m */; };
		1AECA1701AF05CD000EAE054 /* GooglePlacesClient.m in Sources */ = {isa = PBXBuildFile; fileRef = 1AECA16F1AF05CD000EAE054 /* GooglePlacesClient.m */; };
		1AF4D2E31AC37D18003168AD /* NewsMap.m in Sources */ = {isa = PBXBuildFile; fileRef = 1AF4D2E21AC37D18003168AD /* NewsMap.m */; };
		1AF6F03A1A7AA6100023BBDD /* FontIconViewController.m in Sources */ = {isa = PBXBuildFile; fileRef = 1AF6F0391A7AA6100023BBDD /* FontIconViewController.m */; };
		1AF7ADB41B251BB4009164F6 /* ArticleView.xib in Resources */ = {isa = PBXBuildFile; fileRef = 1AF7ADB31B251BB4009164F6 /* ArticleView.xib */; };
		1AF7ADB71B251D17009164F6 /* ArticleView.m in Sources */ = {isa = PBXBuildFile; fileRef = 1AF7ADB61B251D17009164F6 /* ArticleView.m */; };
		1AF9B1381ACCADF8004F3A5B /* Radius.m in Sources */ = {isa = PBXBuildFile; fileRef = 1AF9B1371ACCADF8004F3A5B /* Radius.m */; };
		1AFBC7FA1AAFD18E00561916 /* FavoriteLocationsTVC.m in Sources */ = {isa = PBXBuildFile; fileRef = 1AFBC7F91AAFD18E00561916 /* FavoriteLocationsTVC.m */; };
		1AFC88321B94C169002F491F /* HomeMarketTVC.m in Sources */ = {isa = PBXBuildFile; fileRef = 1AFC88311B94C169002F491F /* HomeMarketTVC.m */; };
/* End PBXBuildFile section */

/* Begin PBXContainerItemProxy section */
		1AB1A5781A48E3D900369211 /* PBXContainerItemProxy */ = {
			isa = PBXContainerItemProxy;
			containerPortal = 1AB1A5531A48E3D900369211 /* Project object */;
			proxyType = 1;
			remoteGlobalIDString = 1AB1A55A1A48E3D900369211;
			remoteInfo = UrbanTurf;
		};
/* End PBXContainerItemProxy section */

/* Begin PBXFileReference section */
		1A04DDA11B2390E5001D9480 /* NewsMapTableViewCell.h */ = {isa = PBXFileReference; fileEncoding = 4; lastKnownFileType = sourcecode.c.h; path = NewsMapTableViewCell.h; sourceTree = "<group>"; };
		1A04DDA21B2390E5001D9480 /* NewsMapTableViewCell.m */ = {isa = PBXFileReference; fileEncoding = 4; lastKnownFileType = sourcecode.c.objc; path = NewsMapTableViewCell.m; sourceTree = "<group>"; };
		1A059D8E1B1FC54F00FF4F64 /* ArticleOverlayView.h */ = {isa = PBXFileReference; fileEncoding = 4; lastKnownFileType = sourcecode.c.h; path = ArticleOverlayView.h; sourceTree = "<group>"; };
		1A059D8F1B1FC54F00FF4F64 /* ArticleOverlayView.m */ = {isa = PBXFileReference; fileEncoding = 4; lastKnownFileType = sourcecode.c.objc; path = ArticleOverlayView.m; sourceTree = "<group>"; };
		1A0E1D9F1B3394A2002F3DF9 /* UIView+AddBorders.h */ = {isa = PBXFileReference; fileEncoding = 4; lastKnownFileType = sourcecode.c.h; path = "UIView+AddBorders.h"; sourceTree = "<group>"; };
		1A0E1DA01B3394A2002F3DF9 /* UIView+AddBorders.m */ = {isa = PBXFileReference; fileEncoding = 4; lastKnownFileType = sourcecode.c.objc; path = "UIView+AddBorders.m"; sourceTree = "<group>"; };
		1A0F7A761B7D7E27001DBD89 /* ArticleOverlayView.xib */ = {isa = PBXFileReference; fileEncoding = 4; lastKnownFileType = file.xib; path = ArticleOverlayView.xib; sourceTree = "<group>"; };
		1A12DDD11B80333E0033046F /* Fabric.framework */ = {isa = PBXFileReference; lastKnownFileType = wrapper.framework; path = Fabric.framework; sourceTree = "<group>"; };
		1A12DDD21B80333E0033046F /* Crashlytics.framework */ = {isa = PBXFileReference; lastKnownFileType = wrapper.framework; path = Crashlytics.framework; sourceTree = "<group>"; };
		1A2CEBDA1A8AC725004DE623 /* NewsMapTabBarController.h */ = {isa = PBXFileReference; fileEncoding = 4; lastKnownFileType = sourcecode.c.h; path = NewsMapTabBarController.h; sourceTree = "<group>"; };
		1A2CEBDB1A8AC725004DE623 /* NewsMapTabBarController.m */ = {isa = PBXFileReference; fileEncoding = 4; lastKnownFileType = sourcecode.c.objc; path = NewsMapTabBarController.m; sourceTree = "<group>"; };
		1A2E6A561A49F5BD0033AC87 /* Article.h */ = {isa = PBXFileReference; fileEncoding = 4; lastKnownFileType = sourcecode.c.h; path = Article.h; sourceTree = "<group>"; };
		1A2E6A571A49F5BD0033AC87 /* Article.m */ = {isa = PBXFileReference; fileEncoding = 4; lastKnownFileType = sourcecode.c.objc; path = Article.m; sourceTree = "<group>"; };
		1A2E6A591A49F6160033AC87 /* Fetcher.h */ = {isa = PBXFileReference; fileEncoding = 4; lastKnownFileType = sourcecode.c.h; path = Fetcher.h; sourceTree = "<group>"; };
		1A2E6A5A1A49F6160033AC87 /* Fetcher.m */ = {isa = PBXFileReference; fileEncoding = 4; lastKnownFileType = sourcecode.c.objc; path = Fetcher.m; sourceTree = "<group>"; };
		1A2E6A5D1A49F6D70033AC87 /* UrbanTurfFetcher.h */ = {isa = PBXFileReference; fileEncoding = 4; lastKnownFileType = sourcecode.c.h; path = UrbanTurfFetcher.h; sourceTree = "<group>"; };
		1A2E6A5E1A49F6D70033AC87 /* UrbanTurfFetcher.m */ = {isa = PBXFileReference; fileEncoding = 4; lastKnownFileType = sourcecode.c.objc; path = UrbanTurfFetcher.m; sourceTree = "<group>"; };
		1A2E6A651A4A1E650033AC87 /* MapKit.framework */ = {isa = PBXFileReference; lastKnownFileType = wrapper.framework; name = MapKit.framework; path = System/Library/Frameworks/MapKit.framework; sourceTree = SDKROOT; };
		1A2E6A671A4E26540033AC87 /* ArticleViewController.h */ = {isa = PBXFileReference; fileEncoding = 4; lastKnownFileType = sourcecode.c.h; path = ArticleViewController.h; sourceTree = "<group>"; };
		1A2E6A681A4E26540033AC87 /* ArticleViewController.m */ = {isa = PBXFileReference; fileEncoding = 4; lastKnownFileType = sourcecode.c.objc; path = ArticleViewController.m; sourceTree = "<group>"; };
		1A3A0B441A79CA1E00E2F6BF /* fontello.ttf */ = {isa = PBXFileReference; lastKnownFileType = file; path = fontello.ttf; sourceTree = "<group>"; };
		1A6F1EB71A507971007D3B99 /* Stylesheet.h */ = {isa = PBXFileReference; fileEncoding = 4; lastKnownFileType = sourcecode.c.h; path = Stylesheet.h; sourceTree = "<group>"; };
		1A6F1EB81A507971007D3B99 /* Stylesheet.m */ = {isa = PBXFileReference; fileEncoding = 4; lastKnownFileType = sourcecode.c.objc; path = Stylesheet.m; sourceTree = "<group>"; };
		1A6F40BE1B86E49700028759 /* ArticleContainer.h */ = {isa = PBXFileReference; fileEncoding = 4; lastKnownFileType = sourcecode.c.h; path = ArticleContainer.h; sourceTree = "<group>"; };
		1A6F40BF1B86E49700028759 /* ArticleContainer.m */ = {isa = PBXFileReference; fileEncoding = 4; lastKnownFileType = sourcecode.c.objc; path = ArticleContainer.m; sourceTree = "<group>"; };
		1A7208DD1AC0D13F0054CA38 /* HomeScreenLocationSelection.h */ = {isa = PBXFileReference; fileEncoding = 4; lastKnownFileType = sourcecode.c.h; path = HomeScreenLocationSelection.h; sourceTree = "<group>"; };
		1A7208DE1AC0D13F0054CA38 /* HomeScreenLocationSelection.m */ = {isa = PBXFileReference; fileEncoding = 4; lastKnownFileType = sourcecode.c.objc; path = HomeScreenLocationSelection.m; sourceTree = "<group>"; };
		1A7DB1DB1ABDFB81003DB53F /* Constants.h */ = {isa = PBXFileReference; fileEncoding = 4; lastKnownFileType = sourcecode.c.h; path = Constants.h; sourceTree = "<group>"; };
		1A7DB1DC1ABDFB81003DB53F /* Constants.m */ = {isa = PBXFileReference; fileEncoding = 4; lastKnownFileType = sourcecode.c.objc; path = Constants.m; sourceTree = "<group>"; };
		1A96E1981B7E59C5002DAFF1 /* ArticleWebViewVC.h */ = {isa = PBXFileReference; fileEncoding = 4; lastKnownFileType = sourcecode.c.h; path = ArticleWebViewVC.h; sourceTree = "<group>"; };
		1A96E1991B7E59C5002DAFF1 /* ArticleWebViewVC.m */ = {isa = PBXFileReference; fileEncoding = 4; lastKnownFileType = sourcecode.c.objc; path = ArticleWebViewVC.m; sourceTree = "<group>"; };
		1A9E486B1B83002100CC7A8A /* SearchFilters.h */ = {isa = PBXFileReference; fileEncoding = 4; lastKnownFileType = sourcecode.c.h; path = SearchFilters.h; sourceTree = "<group>"; };
		1A9E486C1B83002100CC7A8A /* SearchFilters.m */ = {isa = PBXFileReference; fileEncoding = 4; lastKnownFileType = sourcecode.c.objc; path = SearchFilters.m; sourceTree = "<group>"; };
		1AA0E3941AB0C5AE00E61F21 /* SaveFavoriteLocation.h */ = {isa = PBXFileReference; fileEncoding = 4; lastKnownFileType = sourcecode.c.h; path = SaveFavoriteLocation.h; sourceTree = "<group>"; };
		1AA0E3951AB0C5AE00E61F21 /* SaveFavoriteLocation.m */ = {isa = PBXFileReference; fileEncoding = 4; lastKnownFileType = sourcecode.c.objc; path = SaveFavoriteLocation.m; sourceTree = "<group>"; };
		1AA28AFF1B902E5D00452B93 /* San Jose.gpx */ = {isa = PBXFileReference; lastKnownFileType = text.xml; path = "San Jose.gpx"; sourceTree = "<group>"; };
		1AA28B001B902E9000452B93 /* Jackson Hole.gpx */ = {isa = PBXFileReference; lastKnownFileType = text.xml; path = "Jackson Hole.gpx"; sourceTree = "<group>"; };
		1AA297071B9414140019FBCE /* MarkerImageHolder.h */ = {isa = PBXFileReference; fileEncoding = 4; lastKnownFileType = sourcecode.c.h; path = MarkerImageHolder.h; sourceTree = "<group>"; };
		1AA297081B9414140019FBCE /* MarkerImageHolder.m */ = {isa = PBXFileReference; fileEncoding = 4; lastKnownFileType = sourcecode.c.objc; path = MarkerImageHolder.m; sourceTree = "<group>"; };
		1AB1A55B1A48E3D900369211 /* UrbanTurf.app */ = {isa = PBXFileReference; explicitFileType = wrapper.application; includeInIndex = 0; path = UrbanTurf.app; sourceTree = BUILT_PRODUCTS_DIR; };
		1AB1A55F1A48E3D900369211 /* Info.plist */ = {isa = PBXFileReference; lastKnownFileType = text.plist.xml; path = Info.plist; sourceTree = "<group>"; };
		1AB1A5601A48E3D900369211 /* main.m */ = {isa = PBXFileReference; lastKnownFileType = sourcecode.c.objc; path = main.m; sourceTree = "<group>"; };
		1AB1A5621A48E3D900369211 /* AppDelegate.h */ = {isa = PBXFileReference; lastKnownFileType = sourcecode.c.h; path = AppDelegate.h; sourceTree = "<group>"; };
		1AB1A5631A48E3D900369211 /* AppDelegate.m */ = {isa = PBXFileReference; lastKnownFileType = sourcecode.c.objc; path = AppDelegate.m; sourceTree = "<group>"; };
		1AB1A56C1A48E3D900369211 /* Base */ = {isa = PBXFileReference; lastKnownFileType = file.storyboard; name = Base; path = Base.lproj/Main.storyboard; sourceTree = "<group>"; };
		1AB1A56E1A48E3D900369211 /* Images.xcassets */ = {isa = PBXFileReference; lastKnownFileType = folder.assetcatalog; path = Images.xcassets; sourceTree = "<group>"; };
		1AB1A5711A48E3D900369211 /* Base */ = {isa = PBXFileReference; lastKnownFileType = file.xib; name = Base; path = Base.lproj/LaunchScreen.xib; sourceTree = "<group>"; };
		1AB1A5771A48E3D900369211 /* UrbanTurfTests.xctest */ = {isa = PBXFileReference; explicitFileType = wrapper.cfbundle; includeInIndex = 0; path = UrbanTurfTests.xctest; sourceTree = BUILT_PRODUCTS_DIR; };
		1AB1A57C1A48E3D900369211 /* Info.plist */ = {isa = PBXFileReference; lastKnownFileType = text.plist.xml; path = Info.plist; sourceTree = "<group>"; };
		1AB1A57D1A48E3D900369211 /* UrbanTurfTests.m */ = {isa = PBXFileReference; lastKnownFileType = sourcecode.c.objc; path = UrbanTurfTests.m; sourceTree = "<group>"; };
		1AB7BEFC1ACDC97C003BCCC0 /* RadiusSliderCell.h */ = {isa = PBXFileReference; fileEncoding = 4; lastKnownFileType = sourcecode.c.h; path = RadiusSliderCell.h; sourceTree = "<group>"; };
		1AB7BEFD1ACDC97C003BCCC0 /* RadiusSliderCell.m */ = {isa = PBXFileReference; fileEncoding = 4; lastKnownFileType = sourcecode.c.objc; path = RadiusSliderCell.m; sourceTree = "<group>"; };
		1AB7BEFE1ACDC97C003BCCC0 /* RadiusSliderCell.xib */ = {isa = PBXFileReference; fileEncoding = 4; lastKnownFileType = file.xib; path = RadiusSliderCell.xib; sourceTree = "<group>"; };
		1AB7BF011ACDD0B1003BCCC0 /* RadiusLabelCell.h */ = {isa = PBXFileReference; fileEncoding = 4; lastKnownFileType = sourcecode.c.h; path = RadiusLabelCell.h; sourceTree = "<group>"; };
		1AB7BF021ACDD0B1003BCCC0 /* RadiusLabelCell.m */ = {isa = PBXFileReference; fileEncoding = 4; lastKnownFileType = sourcecode.c.objc; path = RadiusLabelCell.m; sourceTree = "<group>"; };
		1AB7BF031ACDD0B1003BCCC0 /* RadiusLabelCell.xib */ = {isa = PBXFileReference; fileEncoding = 4; lastKnownFileType = file.xib; path = RadiusLabelCell.xib; sourceTree = "<group>"; };
		1AB7BF071ACDFB6E003BCCC0 /* SearchOptions.h */ = {isa = PBXFileReference; fileEncoding = 4; lastKnownFileType = sourcecode.c.h; path = SearchOptions.h; sourceTree = "<group>"; };
		1AB7BF081ACDFB6E003BCCC0 /* SearchOptions.m */ = {isa = PBXFileReference; fileEncoding = 4; lastKnownFileType = sourcecode.c.objc; path = SearchOptions.m; sourceTree = "<group>"; };
		1AC8126A1ABF3A1F00ABD302 /* DisplayOrder.h */ = {isa = PBXFileReference; fileEncoding = 4; lastKnownFileType = sourcecode.c.h; path = DisplayOrder.h; sourceTree = "<group>"; };
		1AC8126B1ABF3A1F00ABD302 /* DisplayOrder.m */ = {isa = PBXFileReference; fileEncoding = 4; lastKnownFileType = sourcecode.c.objc; path = DisplayOrder.m; sourceTree = "<group>"; };
		1AC8126D1ABF904500ABD302 /* Options.h */ = {isa = PBXFileReference; fileEncoding = 4; lastKnownFileType = sourcecode.c.h; path = Options.h; sourceTree = "<group>"; };
		1AC8126E1ABF904500ABD302 /* Options.m */ = {isa = PBXFileReference; fileEncoding = 4; lastKnownFileType = sourcecode.c.objc; path = Options.m; sourceTree = "<group>"; };
		1AC812701ABFDAB000ABD302 /* RadiusOld.h */ = {isa = PBXFileReference; fileEncoding = 4; lastKnownFileType = sourcecode.c.h; path = RadiusOld.h; sourceTree = "<group>"; };
		1AC812711ABFDAB000ABD302 /* RadiusOld.m */ = {isa = PBXFileReference; fileEncoding = 4; lastKnownFileType = sourcecode.c.objc; path = RadiusOld.m; sourceTree = "<group>"; };
		1AD3175E1B06DADF005774D2 /* UrbanTurf-prefix.pch */ = {isa = PBXFileReference; lastKnownFileType = sourcecode.c.h; path = "UrbanTurf-prefix.pch"; sourceTree = "<group>"; };
		1AD33F4E1AB551F500DE1DE2 /* GoogleMaps.framework */ = {isa = PBXFileReference; lastKnownFileType = wrapper.framework; path = GoogleMaps.framework; sourceTree = "<group>"; };
		1AD33F501AB5526E00DE1DE2 /* GoogleMaps.bundle */ = {isa = PBXFileReference; lastKnownFileType = "wrapper.plug-in"; name = GoogleMaps.bundle; path = GoogleMaps.framework/Versions/A/Resources/GoogleMaps.bundle; sourceTree = SOURCE_ROOT; };
		1AD33F521AB552FF00DE1DE2 /* AVFoundation.framework */ = {isa = PBXFileReference; lastKnownFileType = wrapper.framework; name = AVFoundation.framework; path = System/Library/Frameworks/AVFoundation.framework; sourceTree = SDKROOT; };
		1AD33F531AB552FF00DE1DE2 /* CoreData.framework */ = {isa = PBXFileReference; lastKnownFileType = wrapper.framework; name = CoreData.framework; path = System/Library/Frameworks/CoreData.framework; sourceTree = SDKROOT; };
		1AD33F541AB552FF00DE1DE2 /* CoreLocation.framework */ = {isa = PBXFileReference; lastKnownFileType = wrapper.framework; name = CoreLocation.framework; path = System/Library/Frameworks/CoreLocation.framework; sourceTree = SDKROOT; };
		1AD33F551AB552FF00DE1DE2 /* CoreText.framework */ = {isa = PBXFileReference; lastKnownFileType = wrapper.framework; name = CoreText.framework; path = System/Library/Frameworks/CoreText.framework; sourceTree = SDKROOT; };
		1AD33F561AB5530000DE1DE2 /* GLKit.framework */ = {isa = PBXFileReference; lastKnownFileType = wrapper.framework; name = GLKit.framework; path = System/Library/Frameworks/GLKit.framework; sourceTree = SDKROOT; };
		1AD33F571AB5530000DE1DE2 /* ImageIO.framework */ = {isa = PBXFileReference; lastKnownFileType = wrapper.framework; name = ImageIO.framework; path = System/Library/Frameworks/ImageIO.framework; sourceTree = SDKROOT; };
		1AD33F581AB5530000DE1DE2 /* libc++.dylib */ = {isa = PBXFileReference; lastKnownFileType = "compiled.mach-o.dylib"; name = "libc++.dylib"; path = "usr/lib/libc++.dylib"; sourceTree = SDKROOT; };
		1AD33F591AB5530000DE1DE2 /* libicucore.dylib */ = {isa = PBXFileReference; lastKnownFileType = "compiled.mach-o.dylib"; name = libicucore.dylib; path = usr/lib/libicucore.dylib; sourceTree = SDKROOT; };
		1AD33F5A1AB5530000DE1DE2 /* libz.dylib */ = {isa = PBXFileReference; lastKnownFileType = "compiled.mach-o.dylib"; name = libz.dylib; path = usr/lib/libz.dylib; sourceTree = SDKROOT; };
		1AD33F5B1AB5530000DE1DE2 /* OpenGLES.framework */ = {isa = PBXFileReference; lastKnownFileType = wrapper.framework; name = OpenGLES.framework; path = System/Library/Frameworks/OpenGLES.framework; sourceTree = SDKROOT; };
		1AD33F5C1AB5530000DE1DE2 /* QuartzCore.framework */ = {isa = PBXFileReference; lastKnownFileType = wrapper.framework; name = QuartzCore.framework; path = System/Library/Frameworks/QuartzCore.framework; sourceTree = SDKROOT; };
		1AD33F5D1AB5530000DE1DE2 /* SystemConfiguration.framework */ = {isa = PBXFileReference; lastKnownFileType = wrapper.framework; name = SystemConfiguration.framework; path = System/Library/Frameworks/SystemConfiguration.framework; sourceTree = SDKROOT; };
		1AE325131B8D4FB1004437E2 /* 17 Appleton Ave.gpx */ = {isa = PBXFileReference; lastKnownFileType = text.xml; path = "17 Appleton Ave.gpx"; sourceTree = "<group>"; };
		1AE325141B8D4FCA004437E2 /* Mel's House.gpx */ = {isa = PBXFileReference; lastKnownFileType = text.xml; path = "Mel's House.gpx"; sourceTree = "<group>"; };
		1AE325151B8D4FE1004437E2 /* Marjory's House.gpx */ = {isa = PBXFileReference; lastKnownFileType = text.xml; path = "Marjory's House.gpx"; sourceTree = "<group>"; };
		1AE325161B8D4FE9004437E2 /* PARISOMA.gpx */ = {isa = PBXFileReference; lastKnownFileType = text.xml; path = PARISOMA.gpx; sourceTree = "<group>"; };
		1AE325171B8D4FF7004437E2 /* Mandarin Tower.gpx */ = {isa = PBXFileReference; lastKnownFileType = text.xml; path = "Mandarin Tower.gpx"; sourceTree = "<group>"; };
		1AE325181B8D4FFE004437E2 /* Old UT Office.gpx */ = {isa = PBXFileReference; lastKnownFileType = text.xml; path = "Old UT Office.gpx"; sourceTree = "<group>"; };
		1AE325191B8D5007004437E2 /* New UT Office.gpx */ = {isa = PBXFileReference; lastKnownFileType = text.xml; path = "New UT Office.gpx"; sourceTree = "<group>"; };
		1AE3251A1B8D5014004437E2 /* Union Station.gpx */ = {isa = PBXFileReference; lastKnownFileType = text.xml; path = "Union Station.gpx"; sourceTree = "<group>"; };
		1AE3251B1B8D5021004437E2 /* 1820 Clydesdale.gpx */ = {isa = PBXFileReference; lastKnownFileType = text.xml; path = "1820 Clydesdale.gpx"; sourceTree = "<group>"; };
		1AE3251C1B8D502D004437E2 /* 604 Kings Cloister Circle.gpx */ = {isa = PBXFileReference; lastKnownFileType = text.xml; path = "604 Kings Cloister Circle.gpx"; sourceTree = "<group>"; };
		1AECA1381AF059E500EAE054 /* AFHTTPRequestOperation.h */ = {isa = PBXFileReference; fileEncoding = 4; lastKnownFileType = sourcecode.c.h; path = AFHTTPRequestOperation.h; sourceTree = "<group>"; };
		1AECA1391AF059E500EAE054 /* AFHTTPRequestOperation.m */ = {isa = PBXFileReference; fileEncoding = 4; lastKnownFileType = sourcecode.c.objc; path = AFHTTPRequestOperation.m; sourceTree = "<group>"; };
		1AECA13A1AF059E500EAE054 /* AFHTTPRequestOperationManager.h */ = {isa = PBXFileReference; fileEncoding = 4; lastKnownFileType = sourcecode.c.h; path = AFHTTPRequestOperationManager.h; sourceTree = "<group>"; };
		1AECA13B1AF059E500EAE054 /* AFHTTPRequestOperationManager.m */ = {isa = PBXFileReference; fileEncoding = 4; lastKnownFileType = sourcecode.c.objc; path = AFHTTPRequestOperationManager.m; sourceTree = "<group>"; };
		1AECA13C1AF059E500EAE054 /* AFHTTPSessionManager.h */ = {isa = PBXFileReference; fileEncoding = 4; lastKnownFileType = sourcecode.c.h; path = AFHTTPSessionManager.h; sourceTree = "<group>"; };
		1AECA13D1AF059E500EAE054 /* AFHTTPSessionManager.m */ = {isa = PBXFileReference; fileEncoding = 4; lastKnownFileType = sourcecode.c.objc; path = AFHTTPSessionManager.m; sourceTree = "<group>"; };
		1AECA13E1AF059E500EAE054 /* AFNetworking.h */ = {isa = PBXFileReference; fileEncoding = 4; lastKnownFileType = sourcecode.c.h; path = AFNetworking.h; sourceTree = "<group>"; };
		1AECA13F1AF059E500EAE054 /* AFNetworkReachabilityManager.h */ = {isa = PBXFileReference; fileEncoding = 4; lastKnownFileType = sourcecode.c.h; path = AFNetworkReachabilityManager.h; sourceTree = "<group>"; };
		1AECA1401AF059E500EAE054 /* AFNetworkReachabilityManager.m */ = {isa = PBXFileReference; fileEncoding = 4; lastKnownFileType = sourcecode.c.objc; path = AFNetworkReachabilityManager.m; sourceTree = "<group>"; };
		1AECA1411AF059E500EAE054 /* AFSecurityPolicy.h */ = {isa = PBXFileReference; fileEncoding = 4; lastKnownFileType = sourcecode.c.h; path = AFSecurityPolicy.h; sourceTree = "<group>"; };
		1AECA1421AF059E500EAE054 /* AFSecurityPolicy.m */ = {isa = PBXFileReference; fileEncoding = 4; lastKnownFileType = sourcecode.c.objc; path = AFSecurityPolicy.m; sourceTree = "<group>"; };
		1AECA1431AF059E500EAE054 /* AFURLConnectionOperation.h */ = {isa = PBXFileReference; fileEncoding = 4; lastKnownFileType = sourcecode.c.h; path = AFURLConnectionOperation.h; sourceTree = "<group>"; };
		1AECA1441AF059E500EAE054 /* AFURLConnectionOperation.m */ = {isa = PBXFileReference; fileEncoding = 4; lastKnownFileType = sourcecode.c.objc; path = AFURLConnectionOperation.m; sourceTree = "<group>"; };
		1AECA1451AF059E500EAE054 /* AFURLRequestSerialization.h */ = {isa = PBXFileReference; fileEncoding = 4; lastKnownFileType = sourcecode.c.h; path = AFURLRequestSerialization.h; sourceTree = "<group>"; };
		1AECA1461AF059E500EAE054 /* AFURLRequestSerialization.m */ = {isa = PBXFileReference; fileEncoding = 4; lastKnownFileType = sourcecode.c.objc; path = AFURLRequestSerialization.m; sourceTree = "<group>"; };
		1AECA1471AF059E500EAE054 /* AFURLResponseSerialization.h */ = {isa = PBXFileReference; fileEncoding = 4; lastKnownFileType = sourcecode.c.h; path = AFURLResponseSerialization.h; sourceTree = "<group>"; };
		1AECA1481AF059E500EAE054 /* AFURLResponseSerialization.m */ = {isa = PBXFileReference; fileEncoding = 4; lastKnownFileType = sourcecode.c.objc; path = AFURLResponseSerialization.m; sourceTree = "<group>"; };
		1AECA1491AF059E500EAE054 /* AFURLSessionManager.h */ = {isa = PBXFileReference; fileEncoding = 4; lastKnownFileType = sourcecode.c.h; path = AFURLSessionManager.h; sourceTree = "<group>"; };
		1AECA14A1AF059E500EAE054 /* AFURLSessionManager.m */ = {isa = PBXFileReference; fileEncoding = 4; lastKnownFileType = sourcecode.c.objc; path = AFURLSessionManager.m; sourceTree = "<group>"; };
		1AECA14C1AF059E500EAE054 /* AFNetworkActivityIndicatorManager.h */ = {isa = PBXFileReference; fileEncoding = 4; lastKnownFileType = sourcecode.c.h; path = AFNetworkActivityIndicatorManager.h; sourceTree = "<group>"; };
		1AECA14D1AF059E500EAE054 /* AFNetworkActivityIndicatorManager.m */ = {isa = PBXFileReference; fileEncoding = 4; lastKnownFileType = sourcecode.c.objc; path = AFNetworkActivityIndicatorManager.m; sourceTree = "<group>"; };
		1AECA14E1AF059E500EAE054 /* UIActivityIndicatorView+AFNetworking.h */ = {isa = PBXFileReference; fileEncoding = 4; lastKnownFileType = sourcecode.c.h; path = "UIActivityIndicatorView+AFNetworking.h"; sourceTree = "<group>"; };
		1AECA14F1AF059E500EAE054 /* UIActivityIndicatorView+AFNetworking.m */ = {isa = PBXFileReference; fileEncoding = 4; lastKnownFileType = sourcecode.c.objc; path = "UIActivityIndicatorView+AFNetworking.m"; sourceTree = "<group>"; };
		1AECA1501AF059E500EAE054 /* UIAlertView+AFNetworking.h */ = {isa = PBXFileReference; fileEncoding = 4; lastKnownFileType = sourcecode.c.h; path = "UIAlertView+AFNetworking.h"; sourceTree = "<group>"; };
		1AECA1511AF059E500EAE054 /* UIAlertView+AFNetworking.m */ = {isa = PBXFileReference; fileEncoding = 4; lastKnownFileType = sourcecode.c.objc; path = "UIAlertView+AFNetworking.m"; sourceTree = "<group>"; };
		1AECA1521AF059E500EAE054 /* UIButton+AFNetworking.h */ = {isa = PBXFileReference; fileEncoding = 4; lastKnownFileType = sourcecode.c.h; path = "UIButton+AFNetworking.h"; sourceTree = "<group>"; };
		1AECA1531AF059E500EAE054 /* UIButton+AFNetworking.m */ = {isa = PBXFileReference; fileEncoding = 4; lastKnownFileType = sourcecode.c.objc; path = "UIButton+AFNetworking.m"; sourceTree = "<group>"; };
		1AECA1541AF059E500EAE054 /* UIImageView+AFNetworking.h */ = {isa = PBXFileReference; fileEncoding = 4; lastKnownFileType = sourcecode.c.h; path = "UIImageView+AFNetworking.h"; sourceTree = "<group>"; };
		1AECA1551AF059E500EAE054 /* UIImageView+AFNetworking.m */ = {isa = PBXFileReference; fileEncoding = 4; lastKnownFileType = sourcecode.c.objc; path = "UIImageView+AFNetworking.m"; sourceTree = "<group>"; };
		1AECA1561AF059E500EAE054 /* UIKit+AFNetworking.h */ = {isa = PBXFileReference; fileEncoding = 4; lastKnownFileType = sourcecode.c.h; path = "UIKit+AFNetworking.h"; sourceTree = "<group>"; };
		1AECA1571AF059E500EAE054 /* UIProgressView+AFNetworking.h */ = {isa = PBXFileReference; fileEncoding = 4; lastKnownFileType = sourcecode.c.h; path = "UIProgressView+AFNetworking.h"; sourceTree = "<group>"; };
		1AECA1581AF059E500EAE054 /* UIProgressView+AFNetworking.m */ = {isa = PBXFileReference; fileEncoding = 4; lastKnownFileType = sourcecode.c.objc; path = "UIProgressView+AFNetworking.m"; sourceTree = "<group>"; };
		1AECA1591AF059E500EAE054 /* UIRefreshControl+AFNetworking.h */ = {isa = PBXFileReference; fileEncoding = 4; lastKnownFileType = sourcecode.c.h; path = "UIRefreshControl+AFNetworking.h"; sourceTree = "<group>"; };
		1AECA15A1AF059E500EAE054 /* UIRefreshControl+AFNetworking.m */ = {isa = PBXFileReference; fileEncoding = 4; lastKnownFileType = sourcecode.c.objc; path = "UIRefreshControl+AFNetworking.m"; sourceTree = "<group>"; };
		1AECA15B1AF059E500EAE054 /* UIWebView+AFNetworking.h */ = {isa = PBXFileReference; fileEncoding = 4; lastKnownFileType = sourcecode.c.h; path = "UIWebView+AFNetworking.h"; sourceTree = "<group>"; };
		1AECA15C1AF059E500EAE054 /* UIWebView+AFNetworking.m */ = {isa = PBXFileReference; fileEncoding = 4; lastKnownFileType = sourcecode.c.objc; path = "UIWebView+AFNetworking.m"; sourceTree = "<group>"; };
		1AECA16E1AF05CD000EAE054 /* GooglePlacesClient.h */ = {isa = PBXFileReference; fileEncoding = 4; lastKnownFileType = sourcecode.c.h; name = GooglePlacesClient.h; path = UrbanTurf/GooglePlacesClient.h; sourceTree = SOURCE_ROOT; };
		1AECA16F1AF05CD000EAE054 /* GooglePlacesClient.m */ = {isa = PBXFileReference; fileEncoding = 4; lastKnownFileType = sourcecode.c.objc; name = GooglePlacesClient.m; path = UrbanTurf/GooglePlacesClient.m; sourceTree = SOURCE_ROOT; };
		1AF4D2E11AC37D18003168AD /* NewsMap.h */ = {isa = PBXFileReference; fileEncoding = 4; lastKnownFileType = sourcecode.c.h; path = NewsMap.h; sourceTree = "<group>"; };
		1AF4D2E21AC37D18003168AD /* NewsMap.m */ = {isa = PBXFileReference; fileEncoding = 4; lastKnownFileType = sourcecode.c.objc; path = NewsMap.m; sourceTree = "<group>"; };
		1AF6F0381A7AA6100023BBDD /* FontIconViewController.h */ = {isa = PBXFileReference; fileEncoding = 4; lastKnownFileType = sourcecode.c.h; path = FontIconViewController.h; sourceTree = "<group>"; };
		1AF6F0391A7AA6100023BBDD /* FontIconViewController.m */ = {isa = PBXFileReference; fileEncoding = 4; lastKnownFileType = sourcecode.c.objc; path = FontIconViewController.m; sourceTree = "<group>"; };
		1AF7ADB31B251BB4009164F6 /* ArticleView.xib */ = {isa = PBXFileReference; fileEncoding = 4; lastKnownFileType = file.xib; path = ArticleView.xib; sourceTree = "<group>"; };
		1AF7ADB51B251D17009164F6 /* ArticleView.h */ = {isa = PBXFileReference; fileEncoding = 4; lastKnownFileType = sourcecode.c.h; path = ArticleView.h; sourceTree = "<group>"; };
		1AF7ADB61B251D17009164F6 /* ArticleView.m */ = {isa = PBXFileReference; fileEncoding = 4; lastKnownFileType = sourcecode.c.objc; path = ArticleView.m; sourceTree = "<group>"; };
		1AF9B1361ACCADF8004F3A5B /* Radius.h */ = {isa = PBXFileReference; fileEncoding = 4; lastKnownFileType = sourcecode.c.h; path = Radius.h; sourceTree = "<group>"; };
		1AF9B1371ACCADF8004F3A5B /* Radius.m */ = {isa = PBXFileReference; fileEncoding = 4; lastKnownFileType = sourcecode.c.objc; path = Radius.m; sourceTree = "<group>"; };
		1AFBC7F81AAFD18E00561916 /* FavoriteLocationsTVC.h */ = {isa = PBXFileReference; fileEncoding = 4; lastKnownFileType = sourcecode.c.h; path = FavoriteLocationsTVC.h; sourceTree = "<group>"; };
		1AFBC7F91AAFD18E00561916 /* FavoriteLocationsTVC.m */ = {isa = PBXFileReference; fileEncoding = 4; lastKnownFileType = sourcecode.c.objc; path = FavoriteLocationsTVC.m; sourceTree = "<group>"; };
		1AFC88301B94C169002F491F /* HomeMarketTVC.h */ = {isa = PBXFileReference; fileEncoding = 4; lastKnownFileType = sourcecode.c.h; path = HomeMarketTVC.h; sourceTree = "<group>"; };
		1AFC88311B94C169002F491F /* HomeMarketTVC.m */ = {isa = PBXFileReference; fileEncoding = 4; lastKnownFileType = sourcecode.c.objc; path = HomeMarketTVC.m; sourceTree = "<group>"; };
/* End PBXFileReference section */

/* Begin PBXFrameworksBuildPhase section */
		1AB1A5581A48E3D900369211 /* Frameworks */ = {
			isa = PBXFrameworksBuildPhase;
			buildActionMask = 2147483647;
			files = (
				1AD33F5E1AB5530000DE1DE2 /* AVFoundation.framework in Frameworks */,
				1A12DDD41B80333E0033046F /* Crashlytics.framework in Frameworks */,
				1AD33F5F1AB5530000DE1DE2 /* CoreData.framework in Frameworks */,
				1AD33F601AB5530000DE1DE2 /* CoreLocation.framework in Frameworks */,
				1AD33F611AB5530000DE1DE2 /* CoreText.framework in Frameworks */,
				1AD33F621AB5530000DE1DE2 /* GLKit.framework in Frameworks */,
				1AD33F631AB5530000DE1DE2 /* ImageIO.framework in Frameworks */,
				1AD33F641AB5530000DE1DE2 /* libc++.dylib in Frameworks */,
				1A12DDD31B80333E0033046F /* Fabric.framework in Frameworks */,
				1AD33F651AB5530000DE1DE2 /* libicucore.dylib in Frameworks */,
				1AD33F661AB5530000DE1DE2 /* libz.dylib in Frameworks */,
				1AD33F671AB5530000DE1DE2 /* OpenGLES.framework in Frameworks */,
				1AD33F681AB5530000DE1DE2 /* QuartzCore.framework in Frameworks */,
				1AD33F691AB5530000DE1DE2 /* SystemConfiguration.framework in Frameworks */,
				1AD33F4F1AB551F500DE1DE2 /* GoogleMaps.framework in Frameworks */,
			);
			runOnlyForDeploymentPostprocessing = 0;
		};
		1AB1A5741A48E3D900369211 /* Frameworks */ = {
			isa = PBXFrameworksBuildPhase;
			buildActionMask = 2147483647;
			files = (
			);
			runOnlyForDeploymentPostprocessing = 0;
		};
/* End PBXFrameworksBuildPhase section */

/* Begin PBXGroup section */
		1A0F7A751B7D6F66001DBD89 /* Article */ = {
			isa = PBXGroup;
			children = (
				1A2E6A561A49F5BD0033AC87 /* Article.h */,
				1A2E6A571A49F5BD0033AC87 /* Article.m */,
				1A6F40BE1B86E49700028759 /* ArticleContainer.h */,
				1A6F40BF1B86E49700028759 /* ArticleContainer.m */,
				1AF7ADB51B251D17009164F6 /* ArticleView.h */,
				1AF7ADB61B251D17009164F6 /* ArticleView.m */,
				1AF7ADB31B251BB4009164F6 /* ArticleView.xib */,
				1A2E6A671A4E26540033AC87 /* ArticleViewController.h */,
				1A2E6A681A4E26540033AC87 /* ArticleViewController.m */,
				1A059D8E1B1FC54F00FF4F64 /* ArticleOverlayView.h */,
				1A059D8F1B1FC54F00FF4F64 /* ArticleOverlayView.m */,
				1A0F7A761B7D7E27001DBD89 /* ArticleOverlayView.xib */,
				1A96E1981B7E59C5002DAFF1 /* ArticleWebViewVC.h */,
				1A96E1991B7E59C5002DAFF1 /* ArticleWebViewVC.m */,
			);
			name = Article;
			sourceTree = "<group>";
		};
		1A2E6A5C1A49F61D0033AC87 /* Fetchers */ = {
			isa = PBXGroup;
			children = (
				1A2E6A5D1A49F6D70033AC87 /* UrbanTurfFetcher.h */,
				1A2E6A5E1A49F6D70033AC87 /* UrbanTurfFetcher.m */,
				1A2E6A591A49F6160033AC87 /* Fetcher.h */,
				1A2E6A5A1A49F6160033AC87 /* Fetcher.m */,
			);
			name = Fetchers;
			sourceTree = "<group>";
		};
		1AB1A5521A48E3D900369211 = {
			isa = PBXGroup;
			children = (
				1A2E6A651A4A1E650033AC87 /* MapKit.framework */,
				1A12DDD11B80333E0033046F /* Fabric.framework */,
				1A12DDD21B80333E0033046F /* Crashlytics.framework */,
				1AB1A55D1A48E3D900369211 /* UrbanTurf */,
				1AB1A57A1A48E3D900369211 /* UrbanTurfTests */,
				1AB1A55C1A48E3D900369211 /* Products */,
				FCD61217FCD59AA5A3D7F984 /* Frameworks */,
			);
			sourceTree = "<group>";
		};
		1AB1A55C1A48E3D900369211 /* Products */ = {
			isa = PBXGroup;
			children = (
				1AB1A55B1A48E3D900369211 /* UrbanTurf.app */,
				1AB1A5771A48E3D900369211 /* UrbanTurfTests.xctest */,
			);
			name = Products;
			sourceTree = "<group>";
		};
		1AB1A55D1A48E3D900369211 /* UrbanTurf */ = {
			isa = PBXGroup;
			children = (
				1A0F7A751B7D6F66001DBD89 /* Article */,
				1AB7BF061ACDD219003BCCC0 /* Options */,
				1A2E6A5C1A49F61D0033AC87 /* Fetchers */,
				1AC3FBB01ACEDF4F00933C64 /* Favorite Locations */,
				1AECA1371AF059E500EAE054 /* AFNetworking */,
				1AECA14B1AF059E500EAE054 /* UIKit+AFNetworking */,
				1A7DB1DB1ABDFB81003DB53F /* Constants.h */,
				1A7DB1DC1ABDFB81003DB53F /* Constants.m */,
				1A04DDA11B2390E5001D9480 /* NewsMapTableViewCell.h */,
				1A04DDA21B2390E5001D9480 /* NewsMapTableViewCell.m */,
				1AECA16E1AF05CD000EAE054 /* GooglePlacesClient.h */,
				1AECA16F1AF05CD000EAE054 /* GooglePlacesClient.m */,
				1AB1A5621A48E3D900369211 /* AppDelegate.h */,
				1AB1A5631A48E3D900369211 /* AppDelegate.m */,
				1AB1A56B1A48E3D900369211 /* Main.storyboard */,
				1A9E486B1B83002100CC7A8A /* SearchFilters.h */,
				1A9E486C1B83002100CC7A8A /* SearchFilters.m */,
				1AF9B1361ACCADF8004F3A5B /* Radius.h */,
				1AF9B1371ACCADF8004F3A5B /* Radius.m */,
				1AF4D2E11AC37D18003168AD /* NewsMap.h */,
				1AF4D2E21AC37D18003168AD /* NewsMap.m */,
				1A2CEBDA1A8AC725004DE623 /* NewsMapTabBarController.h */,
				1A2CEBDB1A8AC725004DE623 /* NewsMapTabBarController.m */,
				1AF6F0381A7AA6100023BBDD /* FontIconViewController.h */,
				1AF6F0391A7AA6100023BBDD /* FontIconViewController.m */,
				1AA297071B9414140019FBCE /* MarkerImageHolder.h */,
				1AA297081B9414140019FBCE /* MarkerImageHolder.m */,
				1A6F1EB71A507971007D3B99 /* Stylesheet.h */,
				1A6F1EB81A507971007D3B99 /* Stylesheet.m */,
				1A0E1D9F1B3394A2002F3DF9 /* UIView+AddBorders.h */,
				1A0E1DA01B3394A2002F3DF9 /* UIView+AddBorders.m */,
				1AB1A56E1A48E3D900369211 /* Images.xcassets */,
				1AB1A5701A48E3D900369211 /* LaunchScreen.xib */,
				1AD3175E1B06DADF005774D2 /* UrbanTurf-prefix.pch */,
				1AB1A55E1A48E3D900369211 /* Supporting Files */,
			);
			path = UrbanTurf;
			sourceTree = "<group>";
		};
		1AB1A55E1A48E3D900369211 /* Supporting Files */ = {
			isa = PBXGroup;
			children = (
				1AD33F501AB5526E00DE1DE2 /* GoogleMaps.bundle */,
				1A3A0B441A79CA1E00E2F6BF /* fontello.ttf */,
				1AB1A55F1A48E3D900369211 /* Info.plist */,
				1AB1A5601A48E3D900369211 /* main.m */,
				1AE3251D1B8D50C4004437E2 /* Custom Locations */,
			);
			name = "Supporting Files";
			sourceTree = "<group>";
		};
		1AB1A57A1A48E3D900369211 /* UrbanTurfTests */ = {
			isa = PBXGroup;
			children = (
				1AB1A57D1A48E3D900369211 /* UrbanTurfTests.m */,
				1AB1A57B1A48E3D900369211 /* Supporting Files */,
			);
			path = UrbanTurfTests;
			sourceTree = "<group>";
		};
		1AB1A57B1A48E3D900369211 /* Supporting Files */ = {
			isa = PBXGroup;
			children = (
				1AB1A57C1A48E3D900369211 /* Info.plist */,
			);
			name = "Supporting Files";
			sourceTree = "<group>";
		};
		1AB7BF061ACDD219003BCCC0 /* Options */ = {
			isa = PBXGroup;
			children = (
				1AFC88301B94C169002F491F /* HomeMarketTVC.h */,
				1AFC88311B94C169002F491F /* HomeMarketTVC.m */,
				1AC8126D1ABF904500ABD302 /* Options.h */,
				1AC8126E1ABF904500ABD302 /* Options.m */,
				1AB7BF071ACDFB6E003BCCC0 /* SearchOptions.h */,
				1AB7BF081ACDFB6E003BCCC0 /* SearchOptions.m */,
				1A7208DD1AC0D13F0054CA38 /* HomeScreenLocationSelection.h */,
				1A7208DE1AC0D13F0054CA38 /* HomeScreenLocationSelection.m */,
				1AC812701ABFDAB000ABD302 /* RadiusOld.h */,
				1AC812711ABFDAB000ABD302 /* RadiusOld.m */,
				1AC8126A1ABF3A1F00ABD302 /* DisplayOrder.h */,
				1AC8126B1ABF3A1F00ABD302 /* DisplayOrder.m */,
				1AB7BF011ACDD0B1003BCCC0 /* RadiusLabelCell.h */,
				1AB7BF021ACDD0B1003BCCC0 /* RadiusLabelCell.m */,
				1AB7BF031ACDD0B1003BCCC0 /* RadiusLabelCell.xib */,
				1AB7BEFC1ACDC97C003BCCC0 /* RadiusSliderCell.h */,
				1AB7BEFD1ACDC97C003BCCC0 /* RadiusSliderCell.m */,
				1AB7BEFE1ACDC97C003BCCC0 /* RadiusSliderCell.xib */,
			);
			name = Options;
			sourceTree = "<group>";
		};
		1AC3FBB01ACEDF4F00933C64 /* Favorite Locations */ = {
			isa = PBXGroup;
			children = (
				1AFBC7F81AAFD18E00561916 /* FavoriteLocationsTVC.h */,
				1AFBC7F91AAFD18E00561916 /* FavoriteLocationsTVC.m */,
				1AA0E3941AB0C5AE00E61F21 /* SaveFavoriteLocation.h */,
				1AA0E3951AB0C5AE00E61F21 /* SaveFavoriteLocation.m */,
			);
			name = "Favorite Locations";
			sourceTree = "<group>";
		};
		1AE3251D1B8D50C4004437E2 /* Custom Locations */ = {
			isa = PBXGroup;
			children = (
				1AA28AFF1B902E5D00452B93 /* San Jose.gpx */,
				1AA28B001B902E9000452B93 /* Jackson Hole.gpx */,
				1AE3251A1B8D5014004437E2 /* Union Station.gpx */,
				1AE3251B1B8D5021004437E2 /* 1820 Clydesdale.gpx */,
				1AE3251C1B8D502D004437E2 /* 604 Kings Cloister Circle.gpx */,
				1AE325171B8D4FF7004437E2 /* Mandarin Tower.gpx */,
				1AE325181B8D4FFE004437E2 /* Old UT Office.gpx */,
				1AE325191B8D5007004437E2 /* New UT Office.gpx */,
				1AE325151B8D4FE1004437E2 /* Marjory's House.gpx */,
				1AE325161B8D4FE9004437E2 /* PARISOMA.gpx */,
				1AE325131B8D4FB1004437E2 /* 17 Appleton Ave.gpx */,
				1AE325141B8D4FCA004437E2 /* Mel's House.gpx */,
			);
			name = "Custom Locations";
			sourceTree = "<group>";
		};
		1AECA1371AF059E500EAE054 /* AFNetworking */ = {
			isa = PBXGroup;
			children = (
				1AECA1381AF059E500EAE054 /* AFHTTPRequestOperation.h */,
				1AECA1391AF059E500EAE054 /* AFHTTPRequestOperation.m */,
				1AECA13A1AF059E500EAE054 /* AFHTTPRequestOperationManager.h */,
				1AECA13B1AF059E500EAE054 /* AFHTTPRequestOperationManager.m */,
				1AECA13C1AF059E500EAE054 /* AFHTTPSessionManager.h */,
				1AECA13D1AF059E500EAE054 /* AFHTTPSessionManager.m */,
				1AECA13E1AF059E500EAE054 /* AFNetworking.h */,
				1AECA13F1AF059E500EAE054 /* AFNetworkReachabilityManager.h */,
				1AECA1401AF059E500EAE054 /* AFNetworkReachabilityManager.m */,
				1AECA1411AF059E500EAE054 /* AFSecurityPolicy.h */,
				1AECA1421AF059E500EAE054 /* AFSecurityPolicy.m */,
				1AECA1431AF059E500EAE054 /* AFURLConnectionOperation.h */,
				1AECA1441AF059E500EAE054 /* AFURLConnectionOperation.m */,
				1AECA1451AF059E500EAE054 /* AFURLRequestSerialization.h */,
				1AECA1461AF059E500EAE054 /* AFURLRequestSerialization.m */,
				1AECA1471AF059E500EAE054 /* AFURLResponseSerialization.h */,
				1AECA1481AF059E500EAE054 /* AFURLResponseSerialization.m */,
				1AECA1491AF059E500EAE054 /* AFURLSessionManager.h */,
				1AECA14A1AF059E500EAE054 /* AFURLSessionManager.m */,
			);
			path = AFNetworking;
			sourceTree = "<group>";
		};
		1AECA14B1AF059E500EAE054 /* UIKit+AFNetworking */ = {
			isa = PBXGroup;
			children = (
				1AECA14C1AF059E500EAE054 /* AFNetworkActivityIndicatorManager.h */,
				1AECA14D1AF059E500EAE054 /* AFNetworkActivityIndicatorManager.m */,
				1AECA14E1AF059E500EAE054 /* UIActivityIndicatorView+AFNetworking.h */,
				1AECA14F1AF059E500EAE054 /* UIActivityIndicatorView+AFNetworking.m */,
				1AECA1501AF059E500EAE054 /* UIAlertView+AFNetworking.h */,
				1AECA1511AF059E500EAE054 /* UIAlertView+AFNetworking.m */,
				1AECA1521AF059E500EAE054 /* UIButton+AFNetworking.h */,
				1AECA1531AF059E500EAE054 /* UIButton+AFNetworking.m */,
				1AECA1541AF059E500EAE054 /* UIImageView+AFNetworking.h */,
				1AECA1551AF059E500EAE054 /* UIImageView+AFNetworking.m */,
				1AECA1561AF059E500EAE054 /* UIKit+AFNetworking.h */,
				1AECA1571AF059E500EAE054 /* UIProgressView+AFNetworking.h */,
				1AECA1581AF059E500EAE054 /* UIProgressView+AFNetworking.m */,
				1AECA1591AF059E500EAE054 /* UIRefreshControl+AFNetworking.h */,
				1AECA15A1AF059E500EAE054 /* UIRefreshControl+AFNetworking.m */,
				1AECA15B1AF059E500EAE054 /* UIWebView+AFNetworking.h */,
				1AECA15C1AF059E500EAE054 /* UIWebView+AFNetworking.m */,
			);
			path = "UIKit+AFNetworking";
			sourceTree = "<group>";
		};
		FCD61217FCD59AA5A3D7F984 /* Frameworks */ = {
			isa = PBXGroup;
			children = (
				1AD33F521AB552FF00DE1DE2 /* AVFoundation.framework */,
				1AD33F531AB552FF00DE1DE2 /* CoreData.framework */,
				1AD33F541AB552FF00DE1DE2 /* CoreLocation.framework */,
				1AD33F551AB552FF00DE1DE2 /* CoreText.framework */,
				1AD33F561AB5530000DE1DE2 /* GLKit.framework */,
				1AD33F571AB5530000DE1DE2 /* ImageIO.framework */,
				1AD33F581AB5530000DE1DE2 /* libc++.dylib */,
				1AD33F591AB5530000DE1DE2 /* libicucore.dylib */,
				1AD33F5A1AB5530000DE1DE2 /* libz.dylib */,
				1AD33F5B1AB5530000DE1DE2 /* OpenGLES.framework */,
				1AD33F5C1AB5530000DE1DE2 /* QuartzCore.framework */,
				1AD33F5D1AB5530000DE1DE2 /* SystemConfiguration.framework */,
				1AD33F4E1AB551F500DE1DE2 /* GoogleMaps.framework */,
			);
			name = Frameworks;
			sourceTree = "<group>";
		};
/* End PBXGroup section */

/* Begin PBXNativeTarget section */
		1AB1A55A1A48E3D900369211 /* UrbanTurf */ = {
			isa = PBXNativeTarget;
			buildConfigurationList = 1AB1A5811A48E3D900369211 /* Build configuration list for PBXNativeTarget "UrbanTurf" */;
			buildPhases = (
				1AB1A5571A48E3D900369211 /* Sources */,
				1AB1A5581A48E3D900369211 /* Frameworks */,
				1AB1A5591A48E3D900369211 /* Resources */,
				1A12DDD01B8032E20033046F /* ShellScript */,
			);
			buildRules = (
			);
			dependencies = (
			);
			name = UrbanTurf;
			productName = UrbanTurf;
			productReference = 1AB1A55B1A48E3D900369211 /* UrbanTurf.app */;
			productType = "com.apple.product-type.application";
		};
		1AB1A5761A48E3D900369211 /* UrbanTurfTests */ = {
			isa = PBXNativeTarget;
			buildConfigurationList = 1AB1A5841A48E3D900369211 /* Build configuration list for PBXNativeTarget "UrbanTurfTests" */;
			buildPhases = (
				1AB1A5731A48E3D900369211 /* Sources */,
				1AB1A5741A48E3D900369211 /* Frameworks */,
				1AB1A5751A48E3D900369211 /* Resources */,
			);
			buildRules = (
			);
			dependencies = (
				1AB1A5791A48E3D900369211 /* PBXTargetDependency */,
			);
			name = UrbanTurfTests;
			productName = UrbanTurfTests;
			productReference = 1AB1A5771A48E3D900369211 /* UrbanTurfTests.xctest */;
			productType = "com.apple.product-type.bundle.unit-test";
		};
/* End PBXNativeTarget section */

/* Begin PBXProject section */
		1AB1A5531A48E3D900369211 /* Project object */ = {
			isa = PBXProject;
			attributes = {
				LastUpgradeCheck = 0610;
				ORGANIZATIONNAME = "Will Smith";
				TargetAttributes = {
					1AB1A55A1A48E3D900369211 = {
						CreatedOnToolsVersion = 6.1;
						SystemCapabilities = {
							com.apple.Maps.iOS = {
								enabled = 0;
							};
						};
					};
					1AB1A5761A48E3D900369211 = {
						CreatedOnToolsVersion = 6.1;
						TestTargetID = 1AB1A55A1A48E3D900369211;
					};
				};
			};
			buildConfigurationList = 1AB1A5561A48E3D900369211 /* Build configuration list for PBXProject "UrbanTurf" */;
			compatibilityVersion = "Xcode 3.2";
			developmentRegion = English;
			hasScannedForEncodings = 0;
			knownRegions = (
				en,
				Base,
			);
			mainGroup = 1AB1A5521A48E3D900369211;
			productRefGroup = 1AB1A55C1A48E3D900369211 /* Products */;
			projectDirPath = "";
			projectRoot = "";
			targets = (
				1AB1A55A1A48E3D900369211 /* UrbanTurf */,
				1AB1A5761A48E3D900369211 /* UrbanTurfTests */,
			);
		};
/* End PBXProject section */

/* Begin PBXResourcesBuildPhase section */
		1AB1A5591A48E3D900369211 /* Resources */ = {
			isa = PBXResourcesBuildPhase;
			buildActionMask = 2147483647;
			files = (
				1AF7ADB41B251BB4009164F6 /* ArticleView.xib in Resources */,
				1AB1A56D1A48E3D900369211 /* Main.storyboard in Resources */,
				1AB1A5721A48E3D900369211 /* LaunchScreen.xib in Resources */,
				1A3A0B451A79CA1E00E2F6BF /* fontello.ttf in Resources */,
				1AB1A56F1A48E3D900369211 /* Images.xcassets in Resources */,
				1AD33F511AB5526E00DE1DE2 /* GoogleMaps.bundle in Resources */,
				1A0F7A771B7D7E27001DBD89 /* ArticleOverlayView.xib in Resources */,
				1AB7BF001ACDC97C003BCCC0 /* RadiusSliderCell.xib in Resources */,
				1AB7BF051ACDD0B1003BCCC0 /* RadiusLabelCell.xib in Resources */,
			);
			runOnlyForDeploymentPostprocessing = 0;
		};
		1AB1A5751A48E3D900369211 /* Resources */ = {
			isa = PBXResourcesBuildPhase;
			buildActionMask = 2147483647;
			files = (
			);
			runOnlyForDeploymentPostprocessing = 0;
		};
/* End PBXResourcesBuildPhase section */

/* Begin PBXShellScriptBuildPhase section */
		1A12DDD01B8032E20033046F /* ShellScript */ = {
			isa = PBXShellScriptBuildPhase;
			buildActionMask = 2147483647;
			files = (
			);
			inputPaths = (
			);
			outputPaths = (
			);
			runOnlyForDeploymentPostprocessing = 0;
			shellPath = /bin/sh;
			shellScript = "./Fabric.framework/run 24074ea6951f7e21829922d392eef57e8c0b8832 9363174cf66d01fae271ccf2ac1eb8b254fcad3e92e1ca6c4391b2088f727276";
		};
/* End PBXShellScriptBuildPhase section */

/* Begin PBXSourcesBuildPhase section */
		1AB1A5571A48E3D900369211 /* Sources */ = {
			isa = PBXSourcesBuildPhase;
			buildActionMask = 2147483647;
			files = (
				1AECA16B1AF059E500EAE054 /* UIProgressView+AFNetworking.m in Sources */,
				1AECA1611AF059E500EAE054 /* AFSecurityPolicy.m in Sources */,
				1AB7BF041ACDD0B1003BCCC0 /* RadiusLabelCell.m in Sources */,
				1AECA1691AF059E500EAE054 /* UIButton+AFNetworking.m in Sources */,
				1AB7BEFF1ACDC97C003BCCC0 /* RadiusSliderCell.m in Sources */,
				1AF7ADB71B251D17009164F6 /* ArticleView.m in Sources */,
				1A6F40C01B86E49700028759 /* ArticleContainer.m in Sources */,
				1AB1A5641A48E3D900369211 /* AppDelegate.m in Sources */,
				1A2E6A581A49F5BD0033AC87 /* Article.m in Sources */,
				1AECA1621AF059E500EAE054 /* AFURLConnectionOperation.m in Sources */,
				1AB7BF091ACDFB6E003BCCC0 /* SearchOptions.m in Sources */,
				1A0E1DA11B3394A2002F3DF9 /* UIView+AddBorders.m in Sources */,
				1A059D901B1FC54F00FF4F64 /* ArticleOverlayView.m in Sources */,
				1A04DDA31B2390E5001D9480 /* NewsMapTableViewCell.m in Sources */,
				1A6F1EB91A507971007D3B99 /* Stylesheet.m in Sources */,
				1AECA1701AF05CD000EAE054 /* GooglePlacesClient.m in Sources */,
				1AC8126C1ABF3A1F00ABD302 /* DisplayOrder.m in Sources */,
				1AECA1681AF059E500EAE054 /* UIAlertView+AFNetworking.m in Sources */,
				1AECA16D1AF059E500EAE054 /* UIWebView+AFNetworking.m in Sources */,
				1AECA1651AF059E500EAE054 /* AFURLSessionManager.m in Sources */,
				1AFC88321B94C169002F491F /* HomeMarketTVC.m in Sources */,
				1AECA16A1AF059E500EAE054 /* UIImageView+AFNetworking.m in Sources */,
				1AF9B1381ACCADF8004F3A5B /* Radius.m in Sources */,
				1A7DB1DD1ABDFB81003DB53F /* Constants.m in Sources */,
				1AA297091B9414140019FBCE /* MarkerImageHolder.m in Sources */,
				1AECA1671AF059E500EAE054 /* UIActivityIndicatorView+AFNetworking.m in Sources */,
				1AF4D2E31AC37D18003168AD /* NewsMap.m in Sources */,
				1AECA16C1AF059E500EAE054 /* UIRefreshControl+AFNetworking.m in Sources */,
				1AECA1641AF059E500EAE054 /* AFURLResponseSerialization.m in Sources */,
				1AECA15E1AF059E500EAE054 /* AFHTTPRequestOperationManager.m in Sources */,
				1AECA15D1AF059E500EAE054 /* AFHTTPRequestOperation.m in Sources */,
				1AC8126F1ABF904500ABD302 /* Options.m in Sources */,
				1AC812721ABFDAB000ABD302 /* RadiusOld.m in Sources */,
				1AFBC7FA1AAFD18E00561916 /* FavoriteLocationsTVC.m in Sources */,
				1A96E19A1B7E59C5002DAFF1 /* ArticleWebViewVC.m in Sources */,
				1AF6F03A1A7AA6100023BBDD /* FontIconViewController.m in Sources */,
				1A2E6A5B1A49F6160033AC87 /* Fetcher.m in Sources */,
				1A9E486D1B83002100CC7A8A /* SearchFilters.m in Sources */,
				1AECA1601AF059E500EAE054 /* AFNetworkReachabilityManager.m in Sources */,
				1A2E6A691A4E26540033AC87 /* ArticleViewController.m in Sources */,
				1A7208DF1AC0D13F0054CA38 /* HomeScreenLocationSelection.m in Sources */,
				1AECA1661AF059E500EAE054 /* AFNetworkActivityIndicatorManager.m in Sources */,
				1AB1A5611A48E3D900369211 /* main.m in Sources */,
				1A2CEBDC1A8AC725004DE623 /* NewsMapTabBarController.m in Sources */,
				1AA0E3961AB0C5AE00E61F21 /* SaveFavoriteLocation.m in Sources */,
				1AECA1631AF059E500EAE054 /* AFURLRequestSerialization.m in Sources */,
				1A2E6A5F1A49F6D70033AC87 /* UrbanTurfFetcher.m in Sources */,
				1AECA15F1AF059E500EAE054 /* AFHTTPSessionManager.m in Sources */,
			);
			runOnlyForDeploymentPostprocessing = 0;
		};
		1AB1A5731A48E3D900369211 /* Sources */ = {
			isa = PBXSourcesBuildPhase;
			buildActionMask = 2147483647;
			files = (
				1AB1A57E1A48E3D900369211 /* UrbanTurfTests.m in Sources */,
			);
			runOnlyForDeploymentPostprocessing = 0;
		};
/* End PBXSourcesBuildPhase section */

/* Begin PBXTargetDependency section */
		1AB1A5791A48E3D900369211 /* PBXTargetDependency */ = {
			isa = PBXTargetDependency;
			target = 1AB1A55A1A48E3D900369211 /* UrbanTurf */;
			targetProxy = 1AB1A5781A48E3D900369211 /* PBXContainerItemProxy */;
		};
/* End PBXTargetDependency section */

/* Begin PBXVariantGroup section */
		1AB1A56B1A48E3D900369211 /* Main.storyboard */ = {
			isa = PBXVariantGroup;
			children = (
				1AB1A56C1A48E3D900369211 /* Base */,
			);
			name = Main.storyboard;
			sourceTree = "<group>";
		};
		1AB1A5701A48E3D900369211 /* LaunchScreen.xib */ = {
			isa = PBXVariantGroup;
			children = (
				1AB1A5711A48E3D900369211 /* Base */,
			);
			name = LaunchScreen.xib;
			sourceTree = "<group>";
		};
/* End PBXVariantGroup section */

/* Begin XCBuildConfiguration section */
		1AB1A57F1A48E3D900369211 /* Debug */ = {
			isa = XCBuildConfiguration;
			buildSettings = {
				ALWAYS_SEARCH_USER_PATHS = NO;
				CLANG_CXX_LANGUAGE_STANDARD = "gnu++0x";
				CLANG_CXX_LIBRARY = "libc++";
				CLANG_ENABLE_MODULES = YES;
				CLANG_ENABLE_OBJC_ARC = YES;
				CLANG_WARN_BOOL_CONVERSION = YES;
				CLANG_WARN_CONSTANT_CONVERSION = YES;
				CLANG_WARN_DIRECT_OBJC_ISA_USAGE = YES_ERROR;
				CLANG_WARN_EMPTY_BODY = YES;
				CLANG_WARN_ENUM_CONVERSION = YES;
				CLANG_WARN_INT_CONVERSION = YES;
				CLANG_WARN_OBJC_ROOT_CLASS = YES_ERROR;
				CLANG_WARN_UNREACHABLE_CODE = YES;
				CLANG_WARN__DUPLICATE_METHOD_MATCH = YES;
				"CODE_SIGN_IDENTITY[sdk=iphoneos*]" = "iPhone Developer";
				COPY_PHASE_STRIP = NO;
				ENABLE_STRICT_OBJC_MSGSEND = YES;
				GCC_C_LANGUAGE_STANDARD = gnu99;
				GCC_DYNAMIC_NO_PIC = NO;
				GCC_OPTIMIZATION_LEVEL = 0;
				GCC_PREPROCESSOR_DEFINITIONS = (
					"DEBUG=1",
					"$(inherited)",
				);
				GCC_SYMBOLS_PRIVATE_EXTERN = NO;
				GCC_WARN_64_TO_32_BIT_CONVERSION = YES;
				GCC_WARN_ABOUT_RETURN_TYPE = YES_ERROR;
				GCC_WARN_UNDECLARED_SELECTOR = YES;
				GCC_WARN_UNINITIALIZED_AUTOS = YES_AGGRESSIVE;
				GCC_WARN_UNUSED_FUNCTION = YES;
				GCC_WARN_UNUSED_VARIABLE = YES;
				IPHONEOS_DEPLOYMENT_TARGET = 6.0;
				MTL_ENABLE_DEBUG_INFO = YES;
				ONLY_ACTIVE_ARCH = YES;
				"OTHER_LDFLAGS[arch=*]" = "-ObjC";
				SDKROOT = iphoneos;
			};
			name = Debug;
		};
		1AB1A5801A48E3D900369211 /* Release */ = {
			isa = XCBuildConfiguration;
			buildSettings = {
				ALWAYS_SEARCH_USER_PATHS = NO;
				CLANG_CXX_LANGUAGE_STANDARD = "gnu++0x";
				CLANG_CXX_LIBRARY = "libc++";
				CLANG_ENABLE_MODULES = YES;
				CLANG_ENABLE_OBJC_ARC = YES;
				CLANG_WARN_BOOL_CONVERSION = YES;
				CLANG_WARN_CONSTANT_CONVERSION = YES;
				CLANG_WARN_DIRECT_OBJC_ISA_USAGE = YES_ERROR;
				CLANG_WARN_EMPTY_BODY = YES;
				CLANG_WARN_ENUM_CONVERSION = YES;
				CLANG_WARN_INT_CONVERSION = YES;
				CLANG_WARN_OBJC_ROOT_CLASS = YES_ERROR;
				CLANG_WARN_UNREACHABLE_CODE = YES;
				CLANG_WARN__DUPLICATE_METHOD_MATCH = YES;
				"CODE_SIGN_IDENTITY[sdk=iphoneos*]" = "iPhone Developer";
				COPY_PHASE_STRIP = YES;
				ENABLE_NS_ASSERTIONS = NO;
				ENABLE_STRICT_OBJC_MSGSEND = YES;
				GCC_C_LANGUAGE_STANDARD = gnu99;
				GCC_WARN_64_TO_32_BIT_CONVERSION = YES;
				GCC_WARN_ABOUT_RETURN_TYPE = YES_ERROR;
				GCC_WARN_UNDECLARED_SELECTOR = YES;
				GCC_WARN_UNINITIALIZED_AUTOS = YES_AGGRESSIVE;
				GCC_WARN_UNUSED_FUNCTION = YES;
				GCC_WARN_UNUSED_VARIABLE = YES;
				IPHONEOS_DEPLOYMENT_TARGET = 6.0;
				MTL_ENABLE_DEBUG_INFO = NO;
				"OTHER_LDFLAGS[arch=*]" = "-ObjC";
				SDKROOT = iphoneos;
				VALIDATE_PRODUCT = YES;
			};
			name = Release;
		};
		1AB1A5821A48E3D900369211 /* Debug */ = {
			isa = XCBuildConfiguration;
			buildSettings = {
				ASSETCATALOG_COMPILER_APPICON_NAME = AppIcon;
				FRAMEWORK_SEARCH_PATHS = (
					"$(inherited)",
					"$(PROJECT_DIR)",
				);
				GCC_PRECOMPILE_PREFIX_HEADER = YES;
				GCC_PREFIX_HEADER = "UrbanTurf/UrbanTurf-prefix.pch";
				INFOPLIST_FILE = UrbanTurf/Info.plist;
				IPHONEOS_DEPLOYMENT_TARGET = 6.0;
				LD_RUNPATH_SEARCH_PATHS = "$(inherited) @executable_path/Frameworks";
				PRODUCT_NAME = "$(TARGET_NAME)";
				TARGETED_DEVICE_FAMILY = 1;
			};
			name = Debug;
		};
		1AB1A5831A48E3D900369211 /* Release */ = {
			isa = XCBuildConfiguration;
			buildSettings = {
				ASSETCATALOG_COMPILER_APPICON_NAME = AppIcon;
				FRAMEWORK_SEARCH_PATHS = (
					"$(inherited)",
					"$(PROJECT_DIR)",
				);
				GCC_PRECOMPILE_PREFIX_HEADER = YES;
				GCC_PREFIX_HEADER = "UrbanTurf/UrbanTurf-prefix.pch";
				INFOPLIST_FILE = UrbanTurf/Info.plist;
				IPHONEOS_DEPLOYMENT_TARGET = 6.0;
				LD_RUNPATH_SEARCH_PATHS = "$(inherited) @executable_path/Frameworks";
				PRODUCT_NAME = "$(TARGET_NAME)";
				TARGETED_DEVICE_FAMILY = 1;
			};
			name = Release;
		};
		1AB1A5851A48E3D900369211 /* Debug */ = {
			isa = XCBuildConfiguration;
			buildSettings = {
				BUNDLE_LOADER = "$(TEST_HOST)";
				FRAMEWORK_SEARCH_PATHS = (
					"$(SDKROOT)/Developer/Library/Frameworks",
					"$(inherited)",
				);
				GCC_PREPROCESSOR_DEFINITIONS = (
					"DEBUG=1",
					"$(inherited)",
				);
				INFOPLIST_FILE = UrbanTurfTests/Info.plist;
				LD_RUNPATH_SEARCH_PATHS = "$(inherited) @executable_path/Frameworks @loader_path/Frameworks";
				PRODUCT_NAME = "$(TARGET_NAME)";
				TEST_HOST = "$(BUILT_PRODUCTS_DIR)/UrbanTurf.app/UrbanTurf";
			};
			name = Debug;
		};
		1AB1A5861A48E3D900369211 /* Release */ = {
			isa = XCBuildConfiguration;
			buildSettings = {
				BUNDLE_LOADER = "$(TEST_HOST)";
				FRAMEWORK_SEARCH_PATHS = (
					"$(SDKROOT)/Developer/Library/Frameworks",
					"$(inherited)",
				);
				INFOPLIST_FILE = UrbanTurfTests/Info.plist;
				LD_RUNPATH_SEARCH_PATHS = "$(inherited) @executable_path/Frameworks @loader_path/Frameworks";
				PRODUCT_NAME = "$(TARGET_NAME)";
				TEST_HOST = "$(BUILT_PRODUCTS_DIR)/UrbanTurf.app/UrbanTurf";
			};
			name = Release;
		};
/* End XCBuildConfiguration section */

/* Begin XCConfigurationList section */
		1AB1A5561A48E3D900369211 /* Build configuration list for PBXProject "UrbanTurf" */ = {
			isa = XCConfigurationList;
			buildConfigurations = (
				1AB1A57F1A48E3D900369211 /* Debug */,
				1AB1A5801A48E3D900369211 /* Release */,
			);
			defaultConfigurationIsVisible = 0;
			defaultConfigurationName = Release;
		};
		1AB1A5811A48E3D900369211 /* Build configuration list for PBXNativeTarget "UrbanTurf" */ = {
			isa = XCConfigurationList;
			buildConfigurations = (
				1AB1A5821A48E3D900369211 /* Debug */,
				1AB1A5831A48E3D900369211 /* Release */,
			);
			defaultConfigurationIsVisible = 0;
			defaultConfigurationName = Release;
		};
		1AB1A5841A48E3D900369211 /* Build configuration list for PBXNativeTarget "UrbanTurfTests" */ = {
			isa = XCConfigurationList;
			buildConfigurations = (
				1AB1A5851A48E3D900369211 /* Debug */,
				1AB1A5861A48E3D900369211 /* Release */,
			);
			defaultConfigurationIsVisible = 0;
			defaultConfigurationName = Release;
		};
/* End XCConfigurationList section */
	};
	rootObject = 1AB1A5531A48E3D900369211 /* Project object */;
}
