// !$*UTF8*$!
{
	archiveVersion = 1;
	classes = {
	};
	objectVersion = 46;
	objects = {

/* Begin PBXBuildFile section */
		1AB1A5611A48E3D900369211 /* main.m in Sources */ = {isa = PBXBuildFile; fileRef = 1AB1A5601A48E3D900369211 /* main.m */; };
		1AB1A5641A48E3D900369211 /* AppDelegate.m in Sources */ = {isa = PBXBuildFile; fileRef = 1AB1A5631A48E3D900369211 /* AppDelegate.m */; };
		1AB1A5671A48E3D900369211 /* FirstViewController.m in Sources */ = {isa = PBXBuildFile; fileRef = 1AB1A5661A48E3D900369211 /* FirstViewController.m */; };
		1AB1A56A1A48E3D900369211 /* SecondViewController.m in Sources */ = {isa = PBXBuildFile; fileRef = 1AB1A5691A48E3D900369211 /* SecondViewController.m */; };
		1AB1A56D1A48E3D900369211 /* Main.storyboard in Resources */ = {isa = PBXBuildFile; fileRef = 1AB1A56B1A48E3D900369211 /* Main.storyboard */; };
		1AB1A56F1A48E3D900369211 /* Images.xcassets in Resources */ = {isa = PBXBuildFile; fileRef = 1AB1A56E1A48E3D900369211 /* Images.xcassets */; };
		1AB1A5721A48E3D900369211 /* LaunchScreen.xib in Resources */ = {isa = PBXBuildFile; fileRef = 1AB1A5701A48E3D900369211 /* LaunchScreen.xib */; };
		1AB1A57E1A48E3D900369211 /* UrbanTurfTests.m in Sources */ = {isa = PBXBuildFile; fileRef = 1AB1A57D1A48E3D900369211 /* UrbanTurfTests.m */; };
/* End PBXBuildFile section */

/* Begin PBXContainerItemProxy section */
		1AB1A5781A48E3D900369211 /* PBXContainerItemProxy */ = {
			isa = PBXContainerItemProxy;
			containerPortal = 1AB1A5531A48E3D900369211 /* Project object */;
			proxyType = 1;
			remoteGlobalIDString = 1AB1A55A1A48E3D900369211;
			remoteInfo = UrbanTurf;
		};
/* End PBXContainerItemProxy section */

/* Begin PBXFileReference section */
		1AB1A55B1A48E3D900369211 /* UrbanTurf.app */ = {isa = PBXFileReference; explicitFileType = wrapper.application; includeInIndex = 0; path = UrbanTurf.app; sourceTree = BUILT_PRODUCTS_DIR; };
		1AB1A55F1A48E3D900369211 /* Info.plist */ = {isa = PBXFileReference; lastKnownFileType = text.plist.xml; path = Info.plist; sourceTree = "<group>"; };
		1AB1A5601A48E3D900369211 /* main.m */ = {isa = PBXFileReference; lastKnownFileType = sourcecode.c.objc; path = main.m; sourceTree = "<group>"; };
		1AB1A5621A48E3D900369211 /* AppDelegate.h */ = {isa = PBXFileReference; lastKnownFileType = sourcecode.c.h; path = AppDelegate.h; sourceTree = "<group>"; };
		1AB1A5631A48E3D900369211 /* AppDelegate.m */ = {isa = PBXFileReference; lastKnownFileType = sourcecode.c.objc; path = AppDelegate.m; sourceTree = "<group>"; };
		1AB1A5651A48E3D900369211 /* FirstViewController.h */ = {isa = PBXFileReference; lastKnownFileType = sourcecode.c.h; path = FirstViewController.h; sourceTree = "<group>"; };
		1AB1A5661A48E3D900369211 /* FirstViewController.m */ = {isa = PBXFileReference; lastKnownFileType = sourcecode.c.objc; path = FirstViewController.m; sourceTree = "<group>"; };
		1AB1A5681A48E3D900369211 /* SecondViewController.h */ = {isa = PBXFileReference; lastKnownFileType = sourcecode.c.h; path = SecondViewController.h; sourceTree = "<group>"; };
		1AB1A5691A48E3D900369211 /* SecondViewController.m */ = {isa = PBXFileReference; lastKnownFileType = sourcecode.c.objc; path = SecondViewController.m; sourceTree = "<group>"; };
		1AB1A56C1A48E3D900369211 /* Base */ = {isa = PBXFileReference; lastKnownFileType = file.storyboard; name = Base; path = Base.lproj/Main.storyboard; sourceTree = "<group>"; };
		1AB1A56E1A48E3D900369211 /* Images.xcassets */ = {isa = PBXFileReference; lastKnownFileType = folder.assetcatalog; path = Images.xcassets; sourceTree = "<group>"; };
		1AB1A5711A48E3D900369211 /* Base */ = {isa = PBXFileReference; lastKnownFileType = file.xib; name = Base; path = Base.lproj/LaunchScreen.xib; sourceTree = "<group>"; };
		1AB1A5771A48E3D900369211 /* UrbanTurfTests.xctest */ = {isa = PBXFileReference; explicitFileType = wrapper.cfbundle; includeInIndex = 0; path = UrbanTurfTests.xctest; sourceTree = BUILT_PRODUCTS_DIR; };
		1AB1A57C1A48E3D900369211 /* Info.plist */ = {isa = PBXFileReference; lastKnownFileType = text.plist.xml; path = Info.plist; sourceTree = "<group>"; };
		1AB1A57D1A48E3D900369211 /* UrbanTurfTests.m */ = {isa = PBXFileReference; lastKnownFileType = sourcecode.c.objc; path = UrbanTurfTests.m; sourceTree = "<group>"; };
/* End PBXFileReference section */

/* Begin PBXFrameworksBuildPhase section */
		1AB1A5581A48E3D900369211 /* Frameworks */ = {
			isa = PBXFrameworksBuildPhase;
			buildActionMask = 2147483647;
			files = (
			);
			runOnlyForDeploymentPostprocessing = 0;
		};
		1AB1A5741A48E3D900369211 /* Frameworks */ = {
			isa = PBXFrameworksBuildPhase;
			buildActionMask = 2147483647;
			files = (
			);
			runOnlyForDeploymentPostprocessing = 0;
		};
/* End PBXFrameworksBuildPhase section */

/* Begin PBXGroup section */
		1AB1A5521A48E3D900369211 = {
			isa = PBXGroup;
			children = (
				1AB1A55D1A48E3D900369211 /* UrbanTurf */,
				1AB1A57A1A48E3D900369211 /* UrbanTurfTests */,
				1AB1A55C1A48E3D900369211 /* Products */,
			);
			sourceTree = "<group>";
		};
		1AB1A55C1A48E3D900369211 /* Products */ = {
			isa = PBXGroup;
			children = (
				1AB1A55B1A48E3D900369211 /* UrbanTurf.app */,
				1AB1A5771A48E3D900369211 /* UrbanTurfTests.xctest */,
			);
			name = Products;
			sourceTree = "<group>";
		};
		1AB1A55D1A48E3D900369211 /* UrbanTurf */ = {
			isa = PBXGroup;
			children = (
				1AB1A5621A48E3D900369211 /* AppDelegate.h */,
				1AB1A5631A48E3D900369211 /* AppDelegate.m */,
				1AB1A5651A48E3D900369211 /* FirstViewController.h */,
				1AB1A5661A48E3D900369211 /* FirstViewController.m */,
				1AB1A5681A48E3D900369211 /* SecondViewController.h */,
				1AB1A5691A48E3D900369211 /* SecondViewController.m */,
				1AB1A56B1A48E3D900369211 /* Main.storyboard */,
				1AB1A56E1A48E3D900369211 /* Images.xcassets */,
				1AB1A5701A48E3D900369211 /* LaunchScreen.xib */,
				1AB1A55E1A48E3D900369211 /* Supporting Files */,
			);
			path = UrbanTurf;
			sourceTree = "<group>";
		};
		1AB1A55E1A48E3D900369211 /* Supporting Files */ = {
			isa = PBXGroup;
			children = (
				1AB1A55F1A48E3D900369211 /* Info.plist */,
				1AB1A5601A48E3D900369211 /* main.m */,
			);
			name = "Supporting Files";
			sourceTree = "<group>";
		};
		1AB1A57A1A48E3D900369211 /* UrbanTurfTests */ = {
			isa = PBXGroup;
			children = (
				1AB1A57D1A48E3D900369211 /* UrbanTurfTests.m */,
				1AB1A57B1A48E3D900369211 /* Supporting Files */,
			);
			path = UrbanTurfTests;
			sourceTree = "<group>";
		};
		1AB1A57B1A48E3D900369211 /* Supporting Files */ = {
			isa = PBXGroup;
			children = (
				1AB1A57C1A48E3D900369211 /* Info.plist */,
			);
			name = "Supporting Files";
			sourceTree = "<group>";
		};
/* End PBXGroup section */

/* Begin PBXNativeTarget section */
		1AB1A55A1A48E3D900369211 /* UrbanTurf */ = {
			isa = PBXNativeTarget;
			buildConfigurationList = 1AB1A5811A48E3D900369211 /* Build configuration list for PBXNativeTarget "UrbanTurf" */;
			buildPhases = (
				1AB1A5571A48E3D900369211 /* Sources */,
				1AB1A5581A48E3D900369211 /* Frameworks */,
				1AB1A5591A48E3D900369211 /* Resources */,
			);
			buildRules = (
			);
			dependencies = (
			);
			name = UrbanTurf;
			productName = UrbanTurf;
			productReference = 1AB1A55B1A48E3D900369211 /* UrbanTurf.app */;
			productType = "com.apple.product-type.application";
		};
		1AB1A5761A48E3D900369211 /* UrbanTurfTests */ = {
			isa = PBXNativeTarget;
			buildConfigurationList = 1AB1A5841A48E3D900369211 /* Build configuration list for PBXNativeTarget "UrbanTurfTests" */;
			buildPhases = (
				1AB1A5731A48E3D900369211 /* Sources */,
				1AB1A5741A48E3D900369211 /* Frameworks */,
				1AB1A5751A48E3D900369211 /* Resources */,
			);
			buildRules = (
			);
			dependencies = (
				1AB1A5791A48E3D900369211 /* PBXTargetDependency */,
			);
			name = UrbanTurfTests;
			productName = UrbanTurfTests;
			productReference = 1AB1A5771A48E3D900369211 /* UrbanTurfTests.xctest */;
			productType = "com.apple.product-type.bundle.unit-test";
		};
/* End PBXNativeTarget section */

/* Begin PBXProject section */
		1AB1A5531A48E3D900369211 /* Project object */ = {
			isa = PBXProject;
			attributes = {
				LastUpgradeCheck = 0610;
				ORGANIZATIONNAME = "Will Smith";
				TargetAttributes = {
					1AB1A55A1A48E3D900369211 = {
						CreatedOnToolsVersion = 6.1;
					};
					1AB1A5761A48E3D900369211 = {
						CreatedOnToolsVersion = 6.1;
						TestTargetID = 1AB1A55A1A48E3D900369211;
					};
				};
			};
			buildConfigurationList = 1AB1A5561A48E3D900369211 /* Build configuration list for PBXProject "UrbanTurf" */;
			compatibilityVersion = "Xcode 3.2";
			developmentRegion = English;
			hasScannedForEncodings = 0;
			knownRegions = (
				en,
				Base,
			);
			mainGroup = 1AB1A5521A48E3D900369211;
			productRefGroup = 1AB1A55C1A48E3D900369211 /* Products */;
			projectDirPath = "";
			projectRoot = "";
			targets = (
				1AB1A55A1A48E3D900369211 /* UrbanTurf */,
				1AB1A5761A48E3D900369211 /* UrbanTurfTests */,
			);
		};
/* End PBXProject section */

/* Begin PBXResourcesBuildPhase section */
		1AB1A5591A48E3D900369211 /* Resources */ = {
			isa = PBXResourcesBuildPhase;
			buildActionMask = 2147483647;
			files = (
				1AB1A56D1A48E3D900369211 /* Main.storyboard in Resources */,
				1AB1A5721A48E3D900369211 /* LaunchScreen.xib in Resources */,
				1AB1A56F1A48E3D900369211 /* Images.xcassets in Resources */,
			);
			runOnlyForDeploymentPostprocessing = 0;
		};
		1AB1A5751A48E3D900369211 /* Resources */ = {
			isa = PBXResourcesBuildPhase;
			buildActionMask = 2147483647;
			files = (
			);
			runOnlyForDeploymentPostprocessing = 0;
		};
/* End PBXResourcesBuildPhase section */

/* Begin PBXSourcesBuildPhase section */
		1AB1A5571A48E3D900369211 /* Sources */ = {
			isa = PBXSourcesBuildPhase;
			buildActionMask = 2147483647;
			files = (
				1AB1A56A1A48E3D900369211 /* SecondViewController.m in Sources */,
				1AB1A5641A48E3D900369211 /* AppDelegate.m in Sources */,
				1AB1A5671A48E3D900369211 /* FirstViewController.m in Sources */,
				1AB1A5611A48E3D900369211 /* main.m in Sources */,
			);
			runOnlyForDeploymentPostprocessing = 0;
		};
		1AB1A5731A48E3D900369211 /* Sources */ = {
			isa = PBXSourcesBuildPhase;
			buildActionMask = 2147483647;
			files = (
				1AB1A57E1A48E3D900369211 /* UrbanTurfTests.m in Sources */,
			);
			runOnlyForDeploymentPostprocessing = 0;
		};
/* End PBXSourcesBuildPhase section */

/* Begin PBXTargetDependency section */
		1AB1A5791A48E3D900369211 /* PBXTargetDependency */ = {
			isa = PBXTargetDependency;
			target = 1AB1A55A1A48E3D900369211 /* UrbanTurf */;
			targetProxy = 1AB1A5781A48E3D900369211 /* PBXContainerItemProxy */;
		};
/* End PBXTargetDependency section */

/* Begin PBXVariantGroup section */
		1AB1A56B1A48E3D900369211 /* Main.storyboard */ = {
			isa = PBXVariantGroup;
			children = (
				1AB1A56C1A48E3D900369211 /* Base */,
			);
			name = Main.storyboard;
			sourceTree = "<group>";
		};
		1AB1A5701A48E3D900369211 /* LaunchScreen.xib */ = {
			isa = PBXVariantGroup;
			children = (
				1AB1A5711A48E3D900369211 /* Base */,
			);
			name = LaunchScreen.xib;
			sourceTree = "<group>";
		};
/* End PBXVariantGroup section */

/* Begin XCBuildConfiguration section */
		1AB1A57F1A48E3D900369211 /* Debug */ = {
			isa = XCBuildConfiguration;
			buildSettings = {
				ALWAYS_SEARCH_USER_PATHS = NO;
				CLANG_CXX_LANGUAGE_STANDARD = "gnu++0x";
				CLANG_CXX_LIBRARY = "libc++";
				CLANG_ENABLE_MODULES = YES;
				CLANG_ENABLE_OBJC_ARC = YES;
				CLANG_WARN_BOOL_CONVERSION = YES;
				CLANG_WARN_CONSTANT_CONVERSION = YES;
				CLANG_WARN_DIRECT_OBJC_ISA_USAGE = YES_ERROR;
				CLANG_WARN_EMPTY_BODY = YES;
				CLANG_WARN_ENUM_CONVERSION = YES;
				CLANG_WARN_INT_CONVERSION = YES;
				CLANG_WARN_OBJC_ROOT_CLASS = YES_ERROR;
				CLANG_WARN_UNREACHABLE_CODE = YES;
				CLANG_WARN__DUPLICATE_METHOD_MATCH = YES;
				"CODE_SIGN_IDENTITY[sdk=iphoneos*]" = "iPhone Developer";
				COPY_PHASE_STRIP = NO;
				ENABLE_STRICT_OBJC_MSGSEND = YES;
				GCC_C_LANGUAGE_STANDARD = gnu99;
				GCC_DYNAMIC_NO_PIC = NO;
				GCC_OPTIMIZATION_LEVEL = 0;
				GCC_PREPROCESSOR_DEFINITIONS = (
					"DEBUG=1",
					"$(inherited)",
				);
				GCC_SYMBOLS_PRIVATE_EXTERN = NO;
				GCC_WARN_64_TO_32_BIT_CONVERSION = YES;
				GCC_WARN_ABOUT_RETURN_TYPE = YES_ERROR;
				GCC_WARN_UNDECLARED_SELECTOR = YES;
				GCC_WARN_UNINITIALIZED_AUTOS = YES_AGGRESSIVE;
				GCC_WARN_UNUSED_FUNCTION = YES;
				GCC_WARN_UNUSED_VARIABLE = YES;
				IPHONEOS_DEPLOYMENT_TARGET = 8.1;
				MTL_ENABLE_DEBUG_INFO = YES;
				ONLY_ACTIVE_ARCH = YES;
				SDKROOT = iphoneos;
			};
			name = Debug;
		};
		1AB1A5801A48E3D900369211 /* Release */ = {
			isa = XCBuildConfiguration;
			buildSettings = {
				ALWAYS_SEARCH_USER_PATHS = NO;
				CLANG_CXX_LANGUAGE_STANDARD = "gnu++0x";
				CLANG_CXX_LIBRARY = "libc++";
				CLANG_ENABLE_MODULES = YES;
				CLANG_ENABLE_OBJC_ARC = YES;
				CLANG_WARN_BOOL_CONVERSION = YES;
				CLANG_WARN_CONSTANT_CONVERSION = YES;
				CLANG_WARN_DIRECT_OBJC_ISA_USAGE = YES_ERROR;
				CLANG_WARN_EMPTY_BODY = YES;
				CLANG_WARN_ENUM_CONVERSION = YES;
				CLANG_WARN_INT_CONVERSION = YES;
				CLANG_WARN_OBJC_ROOT_CLASS = YES_ERROR;
				CLANG_WARN_UNREACHABLE_CODE = YES;
				CLANG_WARN__DUPLICATE_METHOD_MATCH = YES;
				"CODE_SIGN_IDENTITY[sdk=iphoneos*]" = "iPhone Developer";
				COPY_PHASE_STRIP = YES;
				ENABLE_NS_ASSERTIONS = NO;
				ENABLE_STRICT_OBJC_MSGSEND = YES;
				GCC_C_LANGUAGE_STANDARD = gnu99;
				GCC_WARN_64_TO_32_BIT_CONVERSION = YES;
				GCC_WARN_ABOUT_RETURN_TYPE = YES_ERROR;
				GCC_WARN_UNDECLARED_SELECTOR = YES;
				GCC_WARN_UNINITIALIZED_AUTOS = YES_AGGRESSIVE;
				GCC_WARN_UNUSED_FUNCTION = YES;
				GCC_WARN_UNUSED_VARIABLE = YES;
				IPHONEOS_DEPLOYMENT_TARGET = 8.1;
				MTL_ENABLE_DEBUG_INFO = NO;
				SDKROOT = iphoneos;
				VALIDATE_PRODUCT = YES;
			};
			name = Release;
		};
		1AB1A5821A48E3D900369211 /* Debug */ = {
			isa = XCBuildConfiguration;
			buildSettings = {
				ASSETCATALOG_COMPILER_APPICON_NAME = AppIcon;
				INFOPLIST_FILE = UrbanTurf/Info.plist;
				LD_RUNPATH_SEARCH_PATHS = "$(inherited) @executable_path/Frameworks";
				PRODUCT_NAME = "$(TARGET_NAME)";
			};
			name = Debug;
		};
		1AB1A5831A48E3D900369211 /* Release */ = {
			isa = XCBuildConfiguration;
			buildSettings = {
				ASSETCATALOG_COMPILER_APPICON_NAME = AppIcon;
				INFOPLIST_FILE = UrbanTurf/Info.plist;
				LD_RUNPATH_SEARCH_PATHS = "$(inherited) @executable_path/Frameworks";
				PRODUCT_NAME = "$(TARGET_NAME)";
			};
			name = Release;
		};
		1AB1A5851A48E3D900369211 /* Debug */ = {
			isa = XCBuildConfiguration;
			buildSettings = {
				BUNDLE_LOADER = "$(TEST_HOST)";
				FRAMEWORK_SEARCH_PATHS = (
					"$(SDKROOT)/Developer/Library/Frameworks",
					"$(inherited)",
				);
				GCC_PREPROCESSOR_DEFINITIONS = (
					"DEBUG=1",
					"$(inherited)",
				);
				INFOPLIST_FILE = UrbanTurfTests/Info.plist;
				LD_RUNPATH_SEARCH_PATHS = "$(inherited) @executable_path/Frameworks @loader_path/Frameworks";
				PRODUCT_NAME = "$(TARGET_NAME)";
				TEST_HOST = "$(BUILT_PRODUCTS_DIR)/UrbanTurf.app/UrbanTurf";
			};
			name = Debug;
		};
		1AB1A5861A48E3D900369211 /* Release */ = {
			isa = XCBuildConfiguration;
			buildSettings = {
				BUNDLE_LOADER = "$(TEST_HOST)";
				FRAMEWORK_SEARCH_PATHS = (
					"$(SDKROOT)/Developer/Library/Frameworks",
					"$(inherited)",
				);
				INFOPLIST_FILE = UrbanTurfTests/Info.plist;
				LD_RUNPATH_SEARCH_PATHS = "$(inherited) @executable_path/Frameworks @loader_path/Frameworks";
				PRODUCT_NAME = "$(TARGET_NAME)";
				TEST_HOST = "$(BUILT_PRODUCTS_DIR)/UrbanTurf.app/UrbanTurf";
			};
			name = Release;
		};
/* End XCBuildConfiguration section */

/* Begin XCConfigurationList section */
		1AB1A5561A48E3D900369211 /* Build configuration list for PBXProject "UrbanTurf" */ = {
			isa = XCConfigurationList;
			buildConfigurations = (
				1AB1A57F1A48E3D900369211 /* Debug */,
				1AB1A5801A48E3D900369211 /* Release */,
			);
			defaultConfigurationIsVisible = 0;
			defaultConfigurationName = Release;
		};
		1AB1A5811A48E3D900369211 /* Build configuration list for PBXNativeTarget "UrbanTurf" */ = {
			isa = XCConfigurationList;
			buildConfigurations = (
				1AB1A5821A48E3D900369211 /* Debug */,
				1AB1A5831A48E3D900369211 /* Release */,
			);
			defaultConfigurationIsVisible = 0;
		};
		1AB1A5841A48E3D900369211 /* Build configuration list for PBXNativeTarget "UrbanTurfTests" */ = {
			isa = XCConfigurationList;
			buildConfigurations = (
				1AB1A5851A48E3D900369211 /* Debug */,
				1AB1A5861A48E3D900369211 /* Release */,
			);
			defaultConfigurationIsVisible = 0;
		};
/* End XCConfigurationList section */
	};
	rootObject = 1AB1A5531A48E3D900369211 /* Project object */;
}
